// !$*UTF8*$!
{
	archiveVersion = 1;
	classes = {
	};
	objectVersion = 46;
	objects = {

/* Begin PBXBuildFile section */
		18447C3F1BD14CF50011C707 /* TestSocket.swift in Sources */ = {isa = PBXBuildFile; fileRef = 18447C3E1BD14CF50011C707 /* TestSocket.swift */; settings = {ASSET_TAGS = (); }; };
		7C71C5B01A1D52F800682BF0 /* login.html in CopyFiles */ = {isa = PBXBuildFile; fileRef = 98630C061A1C9A9D00478D08 /* login.html */; };
		7C71C5B11A1EC49B00682BF0 /* logo.png in CopyFiles */ = {isa = PBXBuildFile; fileRef = 7CB102DF1A17381D00CBA3B4 /* logo.png */; };
		7C839B7419422CFF003A6950 /* AppDelegate.swift in Sources */ = {isa = PBXBuildFile; fileRef = 7C839B7319422CFF003A6950 /* AppDelegate.swift */; };
		7C839B7619422CFF003A6950 /* ViewController.swift in Sources */ = {isa = PBXBuildFile; fileRef = 7C839B7519422CFF003A6950 /* ViewController.swift */; };
		7C839B7919422CFF003A6950 /* Main.storyboard in Resources */ = {isa = PBXBuildFile; fileRef = 7C839B7719422CFF003A6950 /* Main.storyboard */; };
		7C839B7B19422CFF003A6950 /* Images.xcassets in Resources */ = {isa = PBXBuildFile; fileRef = 7C839B7A19422CFF003A6950 /* Images.xcassets */; };
		7CA4813E19A2EA8D0030B30D /* main.swift in Sources */ = {isa = PBXBuildFile; fileRef = 7CA4813D19A2EA8D0030B30D /* main.swift */; };
		7CA4814E19A2EED00030B30D /* HttpParser.swift in Sources */ = {isa = PBXBuildFile; fileRef = 7CA4814A19A2EED00030B30D /* HttpParser.swift */; };
		7CA4814F19A2EED00030B30D /* HttpParser.swift in Sources */ = {isa = PBXBuildFile; fileRef = 7CA4814A19A2EED00030B30D /* HttpParser.swift */; };
		7CA4815019A2EED00030B30D /* HttpResponse.swift in Sources */ = {isa = PBXBuildFile; fileRef = 7CA4814B19A2EED00030B30D /* HttpResponse.swift */; };
		7CA4815119A2EED00030B30D /* HttpResponse.swift in Sources */ = {isa = PBXBuildFile; fileRef = 7CA4814B19A2EED00030B30D /* HttpResponse.swift */; };
		7CA4815219A2EED00030B30D /* HttpServer.swift in Sources */ = {isa = PBXBuildFile; fileRef = 7CA4814C19A2EED00030B30D /* HttpServer.swift */; };
		7CA4815319A2EED00030B30D /* HttpServer.swift in Sources */ = {isa = PBXBuildFile; fileRef = 7CA4814C19A2EED00030B30D /* HttpServer.swift */; };
		7CA4815419A2EED00030B30D /* Socket.swift in Sources */ = {isa = PBXBuildFile; fileRef = 7CA4814D19A2EED00030B30D /* Socket.swift */; };
		7CA4815519A2EED00030B30D /* Socket.swift in Sources */ = {isa = PBXBuildFile; fileRef = 7CA4814D19A2EED00030B30D /* Socket.swift */; };
		7CA4815819A2EF2B0030B30D /* test.json in Resources */ = {isa = PBXBuildFile; fileRef = 7CA4815719A2EF2B0030B30D /* test.json */; };
		7CA4815919A2EF560030B30D /* test.json in CopyFiles */ = {isa = PBXBuildFile; fileRef = 7CA4815719A2EF2B0030B30D /* test.json */; };
		7CA4815B19A2F6A60030B30D /* HttpRequest.swift in Sources */ = {isa = PBXBuildFile; fileRef = 7CA4815A19A2F6A60030B30D /* HttpRequest.swift */; };
		7CA4815C19A2F6A60030B30D /* HttpRequest.swift in Sources */ = {isa = PBXBuildFile; fileRef = 7CA4815A19A2F6A60030B30D /* HttpRequest.swift */; };
		7CB102DA1A1664B200CBA3B4 /* HttpHandlers.swift in Sources */ = {isa = PBXBuildFile; fileRef = 7CB102D91A1664B200CBA3B4 /* HttpHandlers.swift */; };
		7CB102DB1A16657200CBA3B4 /* HttpHandlers.swift in Sources */ = {isa = PBXBuildFile; fileRef = 7CB102D91A1664B200CBA3B4 /* HttpHandlers.swift */; };
		7CB102DD1A167FFA00CBA3B4 /* DemoServer.swift in Sources */ = {isa = PBXBuildFile; fileRef = 7CB102DC1A167FFA00CBA3B4 /* DemoServer.swift */; };
		7CB102DE1A1680EA00CBA3B4 /* DemoServer.swift in Sources */ = {isa = PBXBuildFile; fileRef = 7CB102DC1A167FFA00CBA3B4 /* DemoServer.swift */; };
		7CB102E01A17381D00CBA3B4 /* logo.png in Resources */ = {isa = PBXBuildFile; fileRef = 7CB102DF1A17381D00CBA3B4 /* logo.png */; };
		7CEA69AA1BD270F10009F783 /* chat.html in Resources */ = {isa = PBXBuildFile; fileRef = 7CEA69A91BD270F10009F783 /* chat.html */; settings = {ASSET_TAGS = (); }; };
		7CEA69AF1BD271920009F783 /* HttpResponse.swift in Sources */ = {isa = PBXBuildFile; fileRef = 7CA4814B19A2EED00030B30D /* HttpResponse.swift */; };
		7CEA69B11BD271920009F783 /* HttpParser.swift in Sources */ = {isa = PBXBuildFile; fileRef = 7CA4814A19A2EED00030B30D /* HttpParser.swift */; };
		7CEA69B21BD271920009F783 /* Socket.swift in Sources */ = {isa = PBXBuildFile; fileRef = 7CA4814D19A2EED00030B30D /* Socket.swift */; };
		7CEA69B31BD271920009F783 /* HttpServer.swift in Sources */ = {isa = PBXBuildFile; fileRef = 7CA4814C19A2EED00030B30D /* HttpServer.swift */; };
		7CEA69B41BD271920009F783 /* chat.swift in Sources */ = {isa = PBXBuildFile; fileRef = 7CEA69AB1BD271160009F783 /* chat.swift */; settings = {ASSET_TAGS = (); }; };
		7CEA69B61BD271920009F783 /* TestSocket.swift in Sources */ = {isa = PBXBuildFile; fileRef = 18447C3E1BD14CF50011C707 /* TestSocket.swift */; settings = {ASSET_TAGS = (); }; };
		7CEA69B71BD271920009F783 /* HttpHandlers.swift in Sources */ = {isa = PBXBuildFile; fileRef = 7CB102D91A1664B200CBA3B4 /* HttpHandlers.swift */; };
		7CEA69B81BD271920009F783 /* HttpRequest.swift in Sources */ = {isa = PBXBuildFile; fileRef = 7CA4815A19A2F6A60030B30D /* HttpRequest.swift */; };
		7CEA69BB1BD271920009F783 /* logo.png in CopyFiles */ = {isa = PBXBuildFile; fileRef = 7CB102DF1A17381D00CBA3B4 /* logo.png */; };
		7CEA69BC1BD271920009F783 /* login.html in CopyFiles */ = {isa = PBXBuildFile; fileRef = 98630C061A1C9A9D00478D08 /* login.html */; };
		7CEA69BD1BD271920009F783 /* test.json in CopyFiles */ = {isa = PBXBuildFile; fileRef = 7CA4815719A2EF2B0030B30D /* test.json */; };
		7CEA69C21BD271B20009F783 /* chat.html in CopyFiles */ = {isa = PBXBuildFile; fileRef = 7CEA69A91BD270F10009F783 /* chat.html */; };
		98630C071A1C9A9D00478D08 /* login.html in Resources */ = {isa = PBXBuildFile; fileRef = 98630C061A1C9A9D00478D08 /* login.html */; };
/* End PBXBuildFile section */

/* Begin PBXCopyFilesBuildPhase section */
		7CA4813919A2EA8D0030B30D /* CopyFiles */ = {
			isa = PBXCopyFilesBuildPhase;
			buildActionMask = 12;
			dstPath = "";
			dstSubfolderSpec = 7;
			files = (
				7C71C5B11A1EC49B00682BF0 /* logo.png in CopyFiles */,
				7C71C5B01A1D52F800682BF0 /* login.html in CopyFiles */,
				7CA4815919A2EF560030B30D /* test.json in CopyFiles */,
			);
			runOnlyForDeploymentPostprocessing = 0;
		};
		7CEA69BA1BD271920009F783 /* CopyFiles */ = {
			isa = PBXCopyFilesBuildPhase;
			buildActionMask = 12;
			dstPath = "";
			dstSubfolderSpec = 7;
			files = (
				7CEA69C21BD271B20009F783 /* chat.html in CopyFiles */,
				7CEA69BB1BD271920009F783 /* logo.png in CopyFiles */,
				7CEA69BC1BD271920009F783 /* login.html in CopyFiles */,
				7CEA69BD1BD271920009F783 /* test.json in CopyFiles */,
			);
			runOnlyForDeploymentPostprocessing = 0;
		};
/* End PBXCopyFilesBuildPhase section */

/* Begin PBXFileReference section */
		18447C3E1BD14CF50011C707 /* TestSocket.swift */ = {isa = PBXFileReference; fileEncoding = 4; lastKnownFileType = sourcecode.swift; path = TestSocket.swift; sourceTree = "<group>"; };
		7C839B6E19422CFF003A6950 /* Swifter.app */ = {isa = PBXFileReference; explicitFileType = wrapper.application; includeInIndex = 0; path = Swifter.app; sourceTree = BUILT_PRODUCTS_DIR; };
		7C839B7219422CFF003A6950 /* Info.plist */ = {isa = PBXFileReference; lastKnownFileType = text.plist.xml; path = Info.plist; sourceTree = "<group>"; };
		7C839B7319422CFF003A6950 /* AppDelegate.swift */ = {isa = PBXFileReference; lastKnownFileType = sourcecode.swift; path = AppDelegate.swift; sourceTree = "<group>"; };
		7C839B7519422CFF003A6950 /* ViewController.swift */ = {isa = PBXFileReference; lastKnownFileType = sourcecode.swift; path = ViewController.swift; sourceTree = "<group>"; };
		7C839B7819422CFF003A6950 /* Base */ = {isa = PBXFileReference; lastKnownFileType = file.storyboard; name = Base; path = Base.lproj/Main.storyboard; sourceTree = "<group>"; };
		7C839B7A19422CFF003A6950 /* Images.xcassets */ = {isa = PBXFileReference; lastKnownFileType = folder.assetcatalog; path = Images.xcassets; sourceTree = "<group>"; };
		7CA4813B19A2EA8D0030B30D /* SwifterOSX */ = {isa = PBXFileReference; explicitFileType = "compiled.mach-o.executable"; includeInIndex = 0; path = SwifterOSX; sourceTree = BUILT_PRODUCTS_DIR; };
		7CA4813D19A2EA8D0030B30D /* main.swift */ = {isa = PBXFileReference; lastKnownFileType = sourcecode.swift; path = main.swift; sourceTree = "<group>"; };
		7CA4814A19A2EED00030B30D /* HttpParser.swift */ = {isa = PBXFileReference; fileEncoding = 4; lastKnownFileType = sourcecode.swift; path = HttpParser.swift; sourceTree = "<group>"; };
		7CA4814B19A2EED00030B30D /* HttpResponse.swift */ = {isa = PBXFileReference; fileEncoding = 4; lastKnownFileType = sourcecode.swift; path = HttpResponse.swift; sourceTree = "<group>"; };
		7CA4814C19A2EED00030B30D /* HttpServer.swift */ = {isa = PBXFileReference; fileEncoding = 4; lastKnownFileType = sourcecode.swift; path = HttpServer.swift; sourceTree = "<group>"; };
		7CA4814D19A2EED00030B30D /* Socket.swift */ = {isa = PBXFileReference; fileEncoding = 4; lastKnownFileType = sourcecode.swift; path = Socket.swift; sourceTree = "<group>"; };
		7CA4815719A2EF2B0030B30D /* test.json */ = {isa = PBXFileReference; fileEncoding = 4; lastKnownFileType = text.json; path = test.json; sourceTree = "<group>"; };
		7CA4815A19A2F6A60030B30D /* HttpRequest.swift */ = {isa = PBXFileReference; fileEncoding = 4; lastKnownFileType = sourcecode.swift; path = HttpRequest.swift; sourceTree = "<group>"; };
		7CB102D91A1664B200CBA3B4 /* HttpHandlers.swift */ = {isa = PBXFileReference; fileEncoding = 4; lastKnownFileType = sourcecode.swift; path = HttpHandlers.swift; sourceTree = "<group>"; };
		7CB102DC1A167FFA00CBA3B4 /* DemoServer.swift */ = {isa = PBXFileReference; fileEncoding = 4; lastKnownFileType = sourcecode.swift; path = DemoServer.swift; sourceTree = "<group>"; };
		7CB102DF1A17381D00CBA3B4 /* logo.png */ = {isa = PBXFileReference; lastKnownFileType = image.png; path = logo.png; sourceTree = "<group>"; };
		7CEA69A91BD270F10009F783 /* chat.html */ = {isa = PBXFileReference; fileEncoding = 4; lastKnownFileType = text.html; path = chat.html; sourceTree = "<group>"; };
		7CEA69AB1BD271160009F783 /* chat.swift */ = {isa = PBXFileReference; fileEncoding = 4; lastKnownFileType = sourcecode.swift; path = chat.swift; sourceTree = "<group>"; };
		7CEA69C11BD271920009F783 /* SwifterOSXChat */ = {isa = PBXFileReference; explicitFileType = "compiled.mach-o.executable"; includeInIndex = 0; path = SwifterOSXChat; sourceTree = BUILT_PRODUCTS_DIR; };
		98630C061A1C9A9D00478D08 /* login.html */ = {isa = PBXFileReference; fileEncoding = 4; lastKnownFileType = text.html; path = login.html; sourceTree = "<group>"; };
/* End PBXFileReference section */

/* Begin PBXFrameworksBuildPhase section */
		7C839B6B19422CFF003A6950 /* Frameworks */ = {
			isa = PBXFrameworksBuildPhase;
			buildActionMask = 2147483647;
			files = (
			);
			runOnlyForDeploymentPostprocessing = 0;
		};
		7CA4813819A2EA8D0030B30D /* Frameworks */ = {
			isa = PBXFrameworksBuildPhase;
			buildActionMask = 2147483647;
			files = (
			);
			runOnlyForDeploymentPostprocessing = 0;
		};
		7CEA69B91BD271920009F783 /* Frameworks */ = {
			isa = PBXFrameworksBuildPhase;
			buildActionMask = 2147483647;
			files = (
			);
			runOnlyForDeploymentPostprocessing = 0;
		};
/* End PBXFrameworksBuildPhase section */

/* Begin PBXGroup section */
		7C839B6519422CFF003A6950 = {
			isa = PBXGroup;
			children = (
				7CA4815619A2EF2B0030B30D /* Resources */,
				7CA4814919A2EED00030B30D /* Common */,
				7C839B7019422CFF003A6950 /* Swifter */,
				7CA4813C19A2EA8D0030B30D /* SwifterOSX */,
				7C839B6F19422CFF003A6950 /* Products */,
			);
			sourceTree = "<group>";
		};
		7C839B6F19422CFF003A6950 /* Products */ = {
			isa = PBXGroup;
			children = (
				7C839B6E19422CFF003A6950 /* Swifter.app */,
				7CA4813B19A2EA8D0030B30D /* SwifterOSX */,
				7CEA69C11BD271920009F783 /* SwifterOSXChat */,
			);
			name = Products;
			sourceTree = "<group>";
		};
		7C839B7019422CFF003A6950 /* Swifter */ = {
			isa = PBXGroup;
			children = (
				7C839B7319422CFF003A6950 /* AppDelegate.swift */,
				7C839B7519422CFF003A6950 /* ViewController.swift */,
				7C839B7719422CFF003A6950 /* Main.storyboard */,
				7C839B7A19422CFF003A6950 /* Images.xcassets */,
				7C839B7119422CFF003A6950 /* Supporting Files */,
			);
			path = Swifter;
			sourceTree = "<group>";
		};
		7C839B7119422CFF003A6950 /* Supporting Files */ = {
			isa = PBXGroup;
			children = (
				7C839B7219422CFF003A6950 /* Info.plist */,
			);
			name = "Supporting Files";
			sourceTree = "<group>";
		};
		7CA4813C19A2EA8D0030B30D /* SwifterOSX */ = {
			isa = PBXGroup;
			children = (
				7CA4813D19A2EA8D0030B30D /* main.swift */,
				7CEA69AB1BD271160009F783 /* chat.swift */,
			);
			path = SwifterOSX;
			sourceTree = "<group>";
		};
		7CA4814919A2EED00030B30D /* Common */ = {
			isa = PBXGroup;
			children = (
				7CA4815A19A2F6A60030B30D /* HttpRequest.swift */,
				7CA4814A19A2EED00030B30D /* HttpParser.swift */,
				7CA4814B19A2EED00030B30D /* HttpResponse.swift */,
				7CB102D91A1664B200CBA3B4 /* HttpHandlers.swift */,
				7CA4814C19A2EED00030B30D /* HttpServer.swift */,
				7CA4814D19A2EED00030B30D /* Socket.swift */,
				7CB102DC1A167FFA00CBA3B4 /* DemoServer.swift */,
				18447C3E1BD14CF50011C707 /* TestSocket.swift */,
			);
			path = Common;
			sourceTree = "<group>";
		};
		7CA4815619A2EF2B0030B30D /* Resources */ = {
			isa = PBXGroup;
			children = (
				7CEA69A91BD270F10009F783 /* chat.html */,
				98630C061A1C9A9D00478D08 /* login.html */,
				7CB102DF1A17381D00CBA3B4 /* logo.png */,
				7CA4815719A2EF2B0030B30D /* test.json */,
			);
			path = Resources;
			sourceTree = "<group>";
		};
/* End PBXGroup section */

/* Begin PBXNativeTarget section */
		7C839B6D19422CFF003A6950 /* Swifter */ = {
			isa = PBXNativeTarget;
			buildConfigurationList = 7C839B8A19422D00003A6950 /* Build configuration list for PBXNativeTarget "Swifter" */;
			buildPhases = (
				7C839B6A19422CFF003A6950 /* Sources */,
				7C839B6B19422CFF003A6950 /* Frameworks */,
				7C839B6C19422CFF003A6950 /* Resources */,
			);
			buildRules = (
			);
			dependencies = (
			);
			name = Swifter;
			productName = Swifter;
			productReference = 7C839B6E19422CFF003A6950 /* Swifter.app */;
			productType = "com.apple.product-type.application";
		};
		7CA4813A19A2EA8D0030B30D /* SwifterOSX */ = {
			isa = PBXNativeTarget;
			buildConfigurationList = 7CA4814119A2EA8D0030B30D /* Build configuration list for PBXNativeTarget "SwifterOSX" */;
			buildPhases = (
				7CA4813719A2EA8D0030B30D /* Sources */,
				7CA4813819A2EA8D0030B30D /* Frameworks */,
				7CA4813919A2EA8D0030B30D /* CopyFiles */,
			);
			buildRules = (
			);
			dependencies = (
			);
			name = SwifterOSX;
			productName = SwifterOSX;
			productReference = 7CA4813B19A2EA8D0030B30D /* SwifterOSX */;
			productType = "com.apple.product-type.tool";
		};
		7CEA69AD1BD271920009F783 /* SwifterOSXChat */ = {
			isa = PBXNativeTarget;
			buildConfigurationList = 7CEA69BE1BD271920009F783 /* Build configuration list for PBXNativeTarget "SwifterOSXChat" */;
			buildPhases = (
				7CEA69AE1BD271920009F783 /* Sources */,
				7CEA69B91BD271920009F783 /* Frameworks */,
				7CEA69BA1BD271920009F783 /* CopyFiles */,
			);
			buildRules = (
			);
			dependencies = (
			);
			name = SwifterOSXChat;
			productName = SwifterOSX;
			productReference = 7CEA69C11BD271920009F783 /* SwifterOSXChat */;
			productType = "com.apple.product-type.tool";
		};
/* End PBXNativeTarget section */

/* Begin PBXProject section */
		7C839B6619422CFF003A6950 /* Project object */ = {
			isa = PBXProject;
			attributes = {
				LastSwiftUpdateCheck = 0700;
				LastUpgradeCheck = 0700;
				ORGANIZATIONNAME = "Damian Kołakowski";
				TargetAttributes = {
					7C839B6D19422CFF003A6950 = {
						CreatedOnToolsVersion = 6.0;
					};
					7CA4813A19A2EA8D0030B30D = {
						CreatedOnToolsVersion = 6.0;
					};
				};
			};
			buildConfigurationList = 7C839B6919422CFF003A6950 /* Build configuration list for PBXProject "Swifter" */;
			compatibilityVersion = "Xcode 3.2";
			developmentRegion = English;
			hasScannedForEncodings = 0;
			knownRegions = (
				en,
				Base,
			);
			mainGroup = 7C839B6519422CFF003A6950;
			productRefGroup = 7C839B6F19422CFF003A6950 /* Products */;
			projectDirPath = "";
			projectRoot = "";
			targets = (
				7C839B6D19422CFF003A6950 /* Swifter */,
				7CA4813A19A2EA8D0030B30D /* SwifterOSX */,
				7CEA69AD1BD271920009F783 /* SwifterOSXChat */,
			);
		};
/* End PBXProject section */

/* Begin PBXResourcesBuildPhase section */
		7C839B6C19422CFF003A6950 /* Resources */ = {
			isa = PBXResourcesBuildPhase;
			buildActionMask = 2147483647;
			files = (
				7CEA69AA1BD270F10009F783 /* chat.html in Resources */,
				7CB102E01A17381D00CBA3B4 /* logo.png in Resources */,
				7C839B7919422CFF003A6950 /* Main.storyboard in Resources */,
				98630C071A1C9A9D00478D08 /* login.html in Resources */,
				7C839B7B19422CFF003A6950 /* Images.xcassets in Resources */,
				7CA4815819A2EF2B0030B30D /* test.json in Resources */,
			);
			runOnlyForDeploymentPostprocessing = 0;
		};
/* End PBXResourcesBuildPhase section */

/* Begin PBXSourcesBuildPhase section */
		7C839B6A19422CFF003A6950 /* Sources */ = {
			isa = PBXSourcesBuildPhase;
			buildActionMask = 2147483647;
			files = (
				7CA4815019A2EED00030B30D /* HttpResponse.swift in Sources */,
				7CB102DA1A1664B200CBA3B4 /* HttpHandlers.swift in Sources */,
				7CB102DD1A167FFA00CBA3B4 /* DemoServer.swift in Sources */,
				7C839B7619422CFF003A6950 /* ViewController.swift in Sources */,
				18447C3F1BD14CF50011C707 /* TestSocket.swift in Sources */,
				7CA4815419A2EED00030B30D /* Socket.swift in Sources */,
				7CA4815219A2EED00030B30D /* HttpServer.swift in Sources */,
				7CA4814E19A2EED00030B30D /* HttpParser.swift in Sources */,
				7CA4815B19A2F6A60030B30D /* HttpRequest.swift in Sources */,
				7C839B7419422CFF003A6950 /* AppDelegate.swift in Sources */,
			);
			runOnlyForDeploymentPostprocessing = 0;
		};
		7CA4813719A2EA8D0030B30D /* Sources */ = {
			isa = PBXSourcesBuildPhase;
			buildActionMask = 2147483647;
			files = (
				7CA4815119A2EED00030B30D /* HttpResponse.swift in Sources */,
				7CB102DE1A1680EA00CBA3B4 /* DemoServer.swift in Sources */,
				7CA4814F19A2EED00030B30D /* HttpParser.swift in Sources */,
				7CA4815519A2EED00030B30D /* Socket.swift in Sources */,
				7CA4815319A2EED00030B30D /* HttpServer.swift in Sources */,
				7CA4813E19A2EA8D0030B30D /* main.swift in Sources */,
				7CB102DB1A16657200CBA3B4 /* HttpHandlers.swift in Sources */,
				7CA4815C19A2F6A60030B30D /* HttpRequest.swift in Sources */,
			);
			runOnlyForDeploymentPostprocessing = 0;
		};
		7CEA69AE1BD271920009F783 /* Sources */ = {
			isa = PBXSourcesBuildPhase;
			buildActionMask = 2147483647;
			files = (
				7CEA69AF1BD271920009F783 /* HttpResponse.swift in Sources */,
				7CEA69B11BD271920009F783 /* HttpParser.swift in Sources */,
				7CEA69B21BD271920009F783 /* Socket.swift in Sources */,
				7CEA69B31BD271920009F783 /* HttpServer.swift in Sources */,
				7CEA69B41BD271920009F783 /* chat.swift in Sources */,
				7CEA69B61BD271920009F783 /* TestSocket.swift in Sources */,
				7CEA69B71BD271920009F783 /* HttpHandlers.swift in Sources */,
				7CEA69B81BD271920009F783 /* HttpRequest.swift in Sources */,
			);
			runOnlyForDeploymentPostprocessing = 0;
		};
/* End PBXSourcesBuildPhase section */

/* Begin PBXVariantGroup section */
		7C839B7719422CFF003A6950 /* Main.storyboard */ = {
			isa = PBXVariantGroup;
			children = (
				7C839B7819422CFF003A6950 /* Base */,
			);
			name = Main.storyboard;
			sourceTree = "<group>";
		};
/* End PBXVariantGroup section */

/* Begin XCBuildConfiguration section */
		7C839B8819422D00003A6950 /* Debug */ = {
			isa = XCBuildConfiguration;
			buildSettings = {
				ALWAYS_SEARCH_USER_PATHS = NO;
				CLANG_CXX_LANGUAGE_STANDARD = "gnu++0x";
				CLANG_CXX_LIBRARY = "libc++";
				CLANG_ENABLE_MODULES = YES;
				CLANG_ENABLE_OBJC_ARC = YES;
				CLANG_WARN_BOOL_CONVERSION = YES;
				CLANG_WARN_CONSTANT_CONVERSION = YES;
				CLANG_WARN_DIRECT_OBJC_ISA_USAGE = YES_ERROR;
				CLANG_WARN_EMPTY_BODY = YES;
				CLANG_WARN_ENUM_CONVERSION = YES;
				CLANG_WARN_INT_CONVERSION = YES;
				CLANG_WARN_OBJC_ROOT_CLASS = YES_ERROR;
				CLANG_WARN_UNREACHABLE_CODE = YES;
				CLANG_WARN__DUPLICATE_METHOD_MATCH = YES;
				"CODE_SIGN_IDENTITY[sdk=iphoneos*]" = "iPhone Developer";
				COPY_PHASE_STRIP = NO;
				ENABLE_STRICT_OBJC_MSGSEND = YES;
				ENABLE_TESTABILITY = YES;
				GCC_C_LANGUAGE_STANDARD = gnu99;
				GCC_DYNAMIC_NO_PIC = NO;
				GCC_OPTIMIZATION_LEVEL = 0;
				GCC_PREPROCESSOR_DEFINITIONS = (
					"DEBUG=1",
					"$(inherited)",
				);
				GCC_SYMBOLS_PRIVATE_EXTERN = NO;
				GCC_WARN_64_TO_32_BIT_CONVERSION = YES;
				GCC_WARN_ABOUT_RETURN_TYPE = YES_ERROR;
				GCC_WARN_UNDECLARED_SELECTOR = YES;
				GCC_WARN_UNINITIALIZED_AUTOS = YES_AGGRESSIVE;
				GCC_WARN_UNUSED_FUNCTION = YES;
				GCC_WARN_UNUSED_VARIABLE = YES;
				IPHONEOS_DEPLOYMENT_TARGET = 8.0;
				METAL_ENABLE_DEBUG_INFO = YES;
				ONLY_ACTIVE_ARCH = YES;
				SDKROOT = iphoneos;
				SWIFT_OPTIMIZATION_LEVEL = "-Onone";
				TARGETED_DEVICE_FAMILY = "1,2";
			};
			name = Debug;
		};
		7C839B8919422D00003A6950 /* Release */ = {
			isa = XCBuildConfiguration;
			buildSettings = {
				ALWAYS_SEARCH_USER_PATHS = NO;
				CLANG_CXX_LANGUAGE_STANDARD = "gnu++0x";
				CLANG_CXX_LIBRARY = "libc++";
				CLANG_ENABLE_MODULES = YES;
				CLANG_ENABLE_OBJC_ARC = YES;
				CLANG_WARN_BOOL_CONVERSION = YES;
				CLANG_WARN_CONSTANT_CONVERSION = YES;
				CLANG_WARN_DIRECT_OBJC_ISA_USAGE = YES_ERROR;
				CLANG_WARN_EMPTY_BODY = YES;
				CLANG_WARN_ENUM_CONVERSION = YES;
				CLANG_WARN_INT_CONVERSION = YES;
				CLANG_WARN_OBJC_ROOT_CLASS = YES_ERROR;
				CLANG_WARN_UNREACHABLE_CODE = YES;
				CLANG_WARN__DUPLICATE_METHOD_MATCH = YES;
				"CODE_SIGN_IDENTITY[sdk=iphoneos*]" = "iPhone Developer";
				COPY_PHASE_STRIP = YES;
				ENABLE_NS_ASSERTIONS = NO;
				ENABLE_STRICT_OBJC_MSGSEND = YES;
				GCC_C_LANGUAGE_STANDARD = gnu99;
				GCC_WARN_64_TO_32_BIT_CONVERSION = YES;
				GCC_WARN_ABOUT_RETURN_TYPE = YES_ERROR;
				GCC_WARN_UNDECLARED_SELECTOR = YES;
				GCC_WARN_UNINITIALIZED_AUTOS = YES_AGGRESSIVE;
				GCC_WARN_UNUSED_FUNCTION = YES;
				GCC_WARN_UNUSED_VARIABLE = YES;
				IPHONEOS_DEPLOYMENT_TARGET = 8.0;
				METAL_ENABLE_DEBUG_INFO = NO;
				ONLY_ACTIVE_ARCH = NO;
				SDKROOT = iphoneos;
				TARGETED_DEVICE_FAMILY = "1,2";
				VALIDATE_PRODUCT = YES;
			};
			name = Release;
		};
		7C839B8B19422D00003A6950 /* Debug */ = {
			isa = XCBuildConfiguration;
			buildSettings = {
				ASSETCATALOG_COMPILER_APPICON_NAME = AppIcon;
				ASSETCATALOG_COMPILER_LAUNCHIMAGE_NAME = LaunchImage;
				CLANG_ENABLE_MODULES = YES;
				INFOPLIST_FILE = Swifter/Info.plist;
				LD_RUNPATH_SEARCH_PATHS = "$(inherited) @executable_path/Frameworks";
				PRODUCT_BUNDLE_IDENTIFIER = "pl.kolakowski..${PRODUCT_NAME:rfc1034identifier}";
				PRODUCT_NAME = "$(TARGET_NAME)";
				SWIFT_OBJC_BRIDGING_HEADER = "";
				SWIFT_OPTIMIZATION_LEVEL = "-Onone";
			};
			name = Debug;
		};
		7C839B8C19422D00003A6950 /* Release */ = {
			isa = XCBuildConfiguration;
			buildSettings = {
				ASSETCATALOG_COMPILER_APPICON_NAME = AppIcon;
				ASSETCATALOG_COMPILER_LAUNCHIMAGE_NAME = LaunchImage;
				CLANG_ENABLE_MODULES = YES;
				INFOPLIST_FILE = Swifter/Info.plist;
				LD_RUNPATH_SEARCH_PATHS = "$(inherited) @executable_path/Frameworks";
				PRODUCT_BUNDLE_IDENTIFIER = "pl.kolakowski..${PRODUCT_NAME:rfc1034identifier}";
				PRODUCT_NAME = "$(TARGET_NAME)";
				SWIFT_OBJC_BRIDGING_HEADER = "";
			};
			name = Release;
		};
		7CA4813F19A2EA8D0030B30D /* Debug */ = {
			isa = XCBuildConfiguration;
			buildSettings = {
				CLANG_ENABLE_MODULES = YES;
				GCC_PREPROCESSOR_DEFINITIONS = (
					"DEBUG=1",
					"$(inherited)",
				);
				LD_RUNPATH_SEARCH_PATHS = "$(inherited) @executable_path/../Frameworks @loader_path/../Frameworks";
				MACOSX_DEPLOYMENT_TARGET = 10.9;
				MTL_ENABLE_DEBUG_INFO = YES;
				ONLY_ACTIVE_ARCH = YES;
				PRODUCT_NAME = "$(TARGET_NAME)";
				SDKROOT = macosx;
				SWIFT_OBJC_BRIDGING_HEADER = "";
				SWIFT_OPTIMIZATION_LEVEL = "-Onone";
			};
			name = Debug;
		};
		7CA4814019A2EA8D0030B30D /* Release */ = {
			isa = XCBuildConfiguration;
			buildSettings = {
				CLANG_ENABLE_MODULES = YES;
				DEBUG_INFORMATION_FORMAT = "dwarf-with-dsym";
				LD_RUNPATH_SEARCH_PATHS = "$(inherited) @executable_path/../Frameworks @loader_path/../Frameworks";
				MACOSX_DEPLOYMENT_TARGET = 10.9;
				MTL_ENABLE_DEBUG_INFO = NO;
				PRODUCT_NAME = "$(TARGET_NAME)";
				SDKROOT = macosx;
				SWIFT_OBJC_BRIDGING_HEADER = "";
			};
			name = Release;
		};
		7CEA69BF1BD271920009F783 /* Debug */ = {
			isa = XCBuildConfiguration;
			buildSettings = {
				CLANG_ENABLE_MODULES = YES;
				GCC_PREPROCESSOR_DEFINITIONS = (
					"DEBUG=1",
					"$(inherited)",
				);
				LD_RUNPATH_SEARCH_PATHS = "$(inherited) @executable_path/../Frameworks @loader_path/../Frameworks";
				MACOSX_DEPLOYMENT_TARGET = 10.9;
				MTL_ENABLE_DEBUG_INFO = YES;
				ONLY_ACTIVE_ARCH = YES;
				PRODUCT_NAME = "$(TARGET_NAME)";
				SDKROOT = macosx;
				SWIFT_OBJC_BRIDGING_HEADER = "";
				SWIFT_OPTIMIZATION_LEVEL = "-Onone";
			};
			name = Debug;
		};
		7CEA69C01BD271920009F783 /* Release */ = {
			isa = XCBuildConfiguration;
			buildSettings = {
				CLANG_ENABLE_MODULES = YES;
				DEBUG_INFORMATION_FORMAT = "dwarf-with-dsym";
				LD_RUNPATH_SEARCH_PATHS = "$(inherited) @executable_path/../Frameworks @loader_path/../Frameworks";
				MACOSX_DEPLOYMENT_TARGET = 10.9;
				MTL_ENABLE_DEBUG_INFO = NO;
				PRODUCT_NAME = "$(TARGET_NAME)";
				SDKROOT = macosx;
				SWIFT_OBJC_BRIDGING_HEADER = "";
			};
			name = Release;
		};
/* End XCBuildConfiguration section */

/* Begin XCConfigurationList section */
		7C839B6919422CFF003A6950 /* Build configuration list for PBXProject "Swifter" */ = {
			isa = XCConfigurationList;
			buildConfigurations = (
				7C839B8819422D00003A6950 /* Debug */,
				7C839B8919422D00003A6950 /* Release */,
			);
			defaultConfigurationIsVisible = 0;
			defaultConfigurationName = Release;
		};
		7C839B8A19422D00003A6950 /* Build configuration list for PBXNativeTarget "Swifter" */ = {
			isa = XCConfigurationList;
			buildConfigurations = (
				7C839B8B19422D00003A6950 /* Debug */,
				7C839B8C19422D00003A6950 /* Release */,
			);
			defaultConfigurationIsVisible = 0;
			defaultConfigurationName = Release;
		};
		7CA4814119A2EA8D0030B30D /* Build configuration list for PBXNativeTarget "SwifterOSX" */ = {
			isa = XCConfigurationList;
			buildConfigurations = (
				7CA4813F19A2EA8D0030B30D /* Debug */,
				7CA4814019A2EA8D0030B30D /* Release */,
			);
			defaultConfigurationIsVisible = 0;
			defaultConfigurationName = Release;
		};
		7CEA69BE1BD271920009F783 /* Build configuration list for PBXNativeTarget "SwifterOSXChat" */ = {
			isa = XCConfigurationList;
			buildConfigurations = (
				7CEA69BF1BD271920009F783 /* Debug */,
				7CEA69C01BD271920009F783 /* Release */,
			);
			defaultConfigurationIsVisible = 0;
			defaultConfigurationName = Release;
		};
/* End XCConfigurationList section */
	};
	rootObject = 7C839B6619422CFF003A6950 /* Project object */;
}
