// !$*UTF8*$!
{
	archiveVersion = 1;
	classes = {
	};
	objectVersion = 46;
	objects = {

/* Begin PBXBuildFile section */
		7AE893EA1C05127900A29F63 /* SwifteriOS.h in Headers */ = {isa = PBXBuildFile; fileRef = 7AE893E91C05127900A29F63 /* SwifteriOS.h */; settings = {ATTRIBUTES = (Public, ); }; };
		7AE893FE1C0512C400A29F63 /* SwifterMac.h in Headers */ = {isa = PBXBuildFile; fileRef = 7AE893FD1C0512C400A29F63 /* SwifterMac.h */; settings = {ATTRIBUTES = (Public, ); }; };
		7AE8940D1C05151100A29F63 /* Launch Screen.storyboard in Resources */ = {isa = PBXBuildFile; fileRef = 7AE8940C1C05151100A29F63 /* Launch Screen.storyboard */; };
		7C1A2BFB1C5605F50026D3BF /* String+BASE64.swift in Sources */ = {isa = PBXBuildFile; fileRef = 7C1A2BFA1C5605F50026D3BF /* String+BASE64.swift */; };
		7C1A2BFC1C5605F50026D3BF /* String+BASE64.swift in Sources */ = {isa = PBXBuildFile; fileRef = 7C1A2BFA1C5605F50026D3BF /* String+BASE64.swift */; };
		7C2BEC781C518B7C00B8EE90 /* String+SHA1.swift in Sources */ = {isa = PBXBuildFile; fileRef = 7C2BEC771C518B7C00B8EE90 /* String+SHA1.swift */; };
		7C2BEC791C5195EE00B8EE90 /* String+SHA1.swift in Sources */ = {isa = PBXBuildFile; fileRef = 7C2BEC771C518B7C00B8EE90 /* String+SHA1.swift */; };
		7C2BEC7A1C5195F200B8EE90 /* String+SHA1.swift in Sources */ = {isa = PBXBuildFile; fileRef = 7C2BEC771C518B7C00B8EE90 /* String+SHA1.swift */; };
		7C71C5B01A1D52F800682BF0 /* login.html in CopyFiles */ = {isa = PBXBuildFile; fileRef = 98630C061A1C9A9D00478D08 /* login.html */; };
		7C71C5B11A1EC49B00682BF0 /* logo.png in CopyFiles */ = {isa = PBXBuildFile; fileRef = 7CB102DF1A17381D00CBA3B4 /* logo.png */; };
		7C73C6911C2615FE00AEF6CA /* SwiftyJSON.swift in Sources */ = {isa = PBXBuildFile; fileRef = 18E610A51BD6397D00B7D17A /* SwiftyJSON.swift */; };
		7C73C6921C26179C00AEF6CA /* AppDelegate.swift in Sources */ = {isa = PBXBuildFile; fileRef = 7CDAB80C1BE2A1D400C8A977 /* AppDelegate.swift */; };
		7C73C6AA1C261A2100AEF6CA /* DemoServer.swift in Sources */ = {isa = PBXBuildFile; fileRef = 7C73C6941C2619E100AEF6CA /* DemoServer.swift */; };
		7C73C6AB1C261A2100AEF6CA /* HttpHandlers.swift in Sources */ = {isa = PBXBuildFile; fileRef = 7C73C6951C2619E100AEF6CA /* HttpHandlers.swift */; };
		7C73C6AC1C261A2100AEF6CA /* HttpParser.swift in Sources */ = {isa = PBXBuildFile; fileRef = 7C73C6961C2619E100AEF6CA /* HttpParser.swift */; };
		7C73C6AD1C261A2100AEF6CA /* HttpRequest.swift in Sources */ = {isa = PBXBuildFile; fileRef = 7C73C6971C2619E100AEF6CA /* HttpRequest.swift */; };
		7C73C6AE1C261A2100AEF6CA /* HttpResponse.swift in Sources */ = {isa = PBXBuildFile; fileRef = 7C73C6981C2619E100AEF6CA /* HttpResponse.swift */; };
		7C73C6AF1C261A2100AEF6CA /* HttpRouter.swift in Sources */ = {isa = PBXBuildFile; fileRef = 7C73C6991C2619E100AEF6CA /* HttpRouter.swift */; };
		7C73C6B01C261A2100AEF6CA /* HttpServer.swift in Sources */ = {isa = PBXBuildFile; fileRef = 7C73C69A1C2619E100AEF6CA /* HttpServer.swift */; };
		7C73C6B11C261A2100AEF6CA /* HttpServerIO.swift in Sources */ = {isa = PBXBuildFile; fileRef = 7C73C69B1C2619E100AEF6CA /* HttpServerIO.swift */; };
		7C73C6B21C261A2100AEF6CA /* Socket.swift in Sources */ = {isa = PBXBuildFile; fileRef = 7C73C69C1C2619E100AEF6CA /* Socket.swift */; };
		7C73C6B31C261A2100AEF6CA /* String+Misc.swift in Sources */ = {isa = PBXBuildFile; fileRef = 7C73C69D1C2619E100AEF6CA /* String+Misc.swift */; };
		7C73C6B51C261A2600AEF6CA /* DemoServer.swift in Sources */ = {isa = PBXBuildFile; fileRef = 7C73C6941C2619E100AEF6CA /* DemoServer.swift */; };
		7C73C6B61C261A2600AEF6CA /* HttpHandlers.swift in Sources */ = {isa = PBXBuildFile; fileRef = 7C73C6951C2619E100AEF6CA /* HttpHandlers.swift */; };
		7C73C6B71C261A2600AEF6CA /* HttpParser.swift in Sources */ = {isa = PBXBuildFile; fileRef = 7C73C6961C2619E100AEF6CA /* HttpParser.swift */; };
		7C73C6B81C261A2600AEF6CA /* HttpRequest.swift in Sources */ = {isa = PBXBuildFile; fileRef = 7C73C6971C2619E100AEF6CA /* HttpRequest.swift */; };
		7C73C6B91C261A2600AEF6CA /* HttpResponse.swift in Sources */ = {isa = PBXBuildFile; fileRef = 7C73C6981C2619E100AEF6CA /* HttpResponse.swift */; };
		7C73C6BA1C261A2600AEF6CA /* HttpRouter.swift in Sources */ = {isa = PBXBuildFile; fileRef = 7C73C6991C2619E100AEF6CA /* HttpRouter.swift */; };
		7C73C6BB1C261A2600AEF6CA /* HttpServer.swift in Sources */ = {isa = PBXBuildFile; fileRef = 7C73C69A1C2619E100AEF6CA /* HttpServer.swift */; };
		7C73C6BC1C261A2600AEF6CA /* HttpServerIO.swift in Sources */ = {isa = PBXBuildFile; fileRef = 7C73C69B1C2619E100AEF6CA /* HttpServerIO.swift */; };
		7C73C6BD1C261A2600AEF6CA /* Socket.swift in Sources */ = {isa = PBXBuildFile; fileRef = 7C73C69C1C2619E100AEF6CA /* Socket.swift */; };
		7C73C6BE1C261A2600AEF6CA /* String+Misc.swift in Sources */ = {isa = PBXBuildFile; fileRef = 7C73C69D1C2619E100AEF6CA /* String+Misc.swift */; };
		7C7488781C1DA07300CBCD77 /* file.html in Resources */ = {isa = PBXBuildFile; fileRef = 7C7488771C1DA07300CBCD77 /* file.html */; };
		7C74887B1C1DA08200CBCD77 /* file.html in CopyFiles */ = {isa = PBXBuildFile; fileRef = 7C7488771C1DA07300CBCD77 /* file.html */; };
		7CA4813E19A2EA8D0030B30D /* main.swift in Sources */ = {isa = PBXBuildFile; fileRef = 7CA4813D19A2EA8D0030B30D /* main.swift */; };
		7CA4815819A2EF2B0030B30D /* test.json in Resources */ = {isa = PBXBuildFile; fileRef = 7CA4815719A2EF2B0030B30D /* test.json */; };
		7CA4815919A2EF560030B30D /* test.json in CopyFiles */ = {isa = PBXBuildFile; fileRef = 7CA4815719A2EF2B0030B30D /* test.json */; };
		7CB102E01A17381D00CBA3B4 /* logo.png in Resources */ = {isa = PBXBuildFile; fileRef = 7CB102DF1A17381D00CBA3B4 /* logo.png */; };
		7CC0F8C91C50136B00B65A94 /* HttpHandlers+Files.swift in Sources */ = {isa = PBXBuildFile; fileRef = 7CC0F8C81C50136B00B65A94 /* HttpHandlers+Files.swift */; };
		7CC0F8CA1C50136B00B65A94 /* HttpHandlers+Files.swift in Sources */ = {isa = PBXBuildFile; fileRef = 7CC0F8C81C50136B00B65A94 /* HttpHandlers+Files.swift */; };
		7CC0F8CC1C5014A200B65A94 /* HttpHandlers+WebSockets.swift in Sources */ = {isa = PBXBuildFile; fileRef = 7CC0F8CB1C5014A200B65A94 /* HttpHandlers+WebSockets.swift */; };
		7CC0F8CD1C5014A200B65A94 /* HttpHandlers+WebSockets.swift in Sources */ = {isa = PBXBuildFile; fileRef = 7CC0F8CB1C5014A200B65A94 /* HttpHandlers+WebSockets.swift */; };
		7CCD87611C66099B0068099B /* Swifter.framework in Frameworks */ = {isa = PBXBuildFile; fileRef = 7AE893E71C05127900A29F63 /* Swifter.framework */; };
		7CCD87701C660B250068099B /* SwifterTestsHttpParser.swift in Sources */ = {isa = PBXBuildFile; fileRef = 7CCD876D1C660B250068099B /* SwifterTestsHttpParser.swift */; };
		7CCD87721C660B250068099B /* SwifterTestsStringExtensions.swift in Sources */ = {isa = PBXBuildFile; fileRef = 7CCD876E1C660B250068099B /* SwifterTestsStringExtensions.swift */; };
		7CCD877E1C660EA30068099B /* Swifter.framework in Frameworks */ = {isa = PBXBuildFile; fileRef = 7AE893FB1C0512C400A29F63 /* Swifter.framework */; };
		7CCD87841C660ED60068099B /* SwifterTestsHttpParser.swift in Sources */ = {isa = PBXBuildFile; fileRef = 7CCD876D1C660B250068099B /* SwifterTestsHttpParser.swift */; };
		7CCD87851C660ED60068099B /* SwifterTestsStringExtensions.swift in Sources */ = {isa = PBXBuildFile; fileRef = 7CCD876E1C660B250068099B /* SwifterTestsStringExtensions.swift */; };
		7CDAB8131BE2A1D400C8A977 /* Main.storyboard in Resources */ = {isa = PBXBuildFile; fileRef = 7CDAB80D1BE2A1D400C8A977 /* Main.storyboard */; };
		7CDAB8141BE2A1D400C8A977 /* Images.xcassets in Resources */ = {isa = PBXBuildFile; fileRef = 7CDAB80F1BE2A1D400C8A977 /* Images.xcassets */; };
		7CDAB8161BE2A1D400C8A977 /* ViewController.swift in Sources */ = {isa = PBXBuildFile; fileRef = 7CDAB8111BE2A1D400C8A977 /* ViewController.swift */; };
		98630C071A1C9A9D00478D08 /* login.html in Resources */ = {isa = PBXBuildFile; fileRef = 98630C061A1C9A9D00478D08 /* login.html */; };
/* End PBXBuildFile section */

/* Begin PBXContainerItemProxy section */
		7AE8940E1C0515A200A29F63 /* PBXContainerItemProxy */ = {
			isa = PBXContainerItemProxy;
			containerPortal = 7C839B6619422CFF003A6950 /* Project object */;
			proxyType = 1;
			remoteGlobalIDString = 7AE893FA1C0512C400A29F63;
			remoteInfo = SwifterMac;
		};
		7C73C6BF1C261AA700AEF6CA /* PBXContainerItemProxy */ = {
			isa = PBXContainerItemProxy;
			containerPortal = 7C839B6619422CFF003A6950 /* Project object */;
			proxyType = 1;
			remoteGlobalIDString = 7AE893E61C05127900A29F63;
			remoteInfo = SwifteriOS;
		};
		7CCD87621C66099B0068099B /* PBXContainerItemProxy */ = {
			isa = PBXContainerItemProxy;
			containerPortal = 7C839B6619422CFF003A6950 /* Project object */;
			proxyType = 1;
			remoteGlobalIDString = 7AE893E61C05127900A29F63;
			remoteInfo = SwifteriOS;
		};
		7CCD877F1C660EA30068099B /* PBXContainerItemProxy */ = {
			isa = PBXContainerItemProxy;
			containerPortal = 7C839B6619422CFF003A6950 /* Project object */;
			proxyType = 1;
			remoteGlobalIDString = 7AE893FA1C0512C400A29F63;
			remoteInfo = SwifterMac;
		};
/* End PBXContainerItemProxy section */

/* Begin PBXCopyFilesBuildPhase section */
		7CA4813919A2EA8D0030B30D /* CopyFiles */ = {
			isa = PBXCopyFilesBuildPhase;
			buildActionMask = 12;
			dstPath = "";
			dstSubfolderSpec = 7;
			files = (
				7C74887B1C1DA08200CBCD77 /* file.html in CopyFiles */,
				7C71C5B11A1EC49B00682BF0 /* logo.png in CopyFiles */,
				7C71C5B01A1D52F800682BF0 /* login.html in CopyFiles */,
				7CA4815919A2EF560030B30D /* test.json in CopyFiles */,
			);
			runOnlyForDeploymentPostprocessing = 0;
		};
/* End PBXCopyFilesBuildPhase section */

/* Begin PBXFileReference section */
		18E610A51BD6397D00B7D17A /* SwiftyJSON.swift */ = {isa = PBXFileReference; fileEncoding = 4; lastKnownFileType = sourcecode.swift; path = SwiftyJSON.swift; sourceTree = "<group>"; };
		7AE893E71C05127900A29F63 /* Swifter.framework */ = {isa = PBXFileReference; explicitFileType = wrapper.framework; includeInIndex = 0; path = Swifter.framework; sourceTree = BUILT_PRODUCTS_DIR; };
		7AE893E91C05127900A29F63 /* SwifteriOS.h */ = {isa = PBXFileReference; lastKnownFileType = sourcecode.c.h; path = SwifteriOS.h; sourceTree = "<group>"; };
		7AE893EB1C05127900A29F63 /* Info.plist */ = {isa = PBXFileReference; lastKnownFileType = text.plist.xml; path = Info.plist; sourceTree = "<group>"; };
		7AE893FB1C0512C400A29F63 /* Swifter.framework */ = {isa = PBXFileReference; explicitFileType = wrapper.framework; includeInIndex = 0; path = Swifter.framework; sourceTree = BUILT_PRODUCTS_DIR; };
		7AE893FD1C0512C400A29F63 /* SwifterMac.h */ = {isa = PBXFileReference; lastKnownFileType = sourcecode.c.h; path = SwifterMac.h; sourceTree = "<group>"; };
		7AE893FF1C0512C400A29F63 /* Info.plist */ = {isa = PBXFileReference; lastKnownFileType = text.plist.xml; path = Info.plist; sourceTree = "<group>"; };
		7AE8940C1C05151100A29F63 /* Launch Screen.storyboard */ = {isa = PBXFileReference; fileEncoding = 4; lastKnownFileType = file.storyboard; path = "Launch Screen.storyboard"; sourceTree = "<group>"; };
		7C1A2BFA1C5605F50026D3BF /* String+BASE64.swift */ = {isa = PBXFileReference; fileEncoding = 4; lastKnownFileType = sourcecode.swift; path = "String+BASE64.swift"; sourceTree = "<group>"; };
		7C2BEC771C518B7C00B8EE90 /* String+SHA1.swift */ = {isa = PBXFileReference; fileEncoding = 4; lastKnownFileType = sourcecode.swift; path = "String+SHA1.swift"; sourceTree = "<group>"; };
		7C73C6941C2619E100AEF6CA /* DemoServer.swift */ = {isa = PBXFileReference; fileEncoding = 4; lastKnownFileType = sourcecode.swift; path = DemoServer.swift; sourceTree = "<group>"; };
		7C73C6951C2619E100AEF6CA /* HttpHandlers.swift */ = {isa = PBXFileReference; fileEncoding = 4; lastKnownFileType = sourcecode.swift; path = HttpHandlers.swift; sourceTree = "<group>"; };
		7C73C6961C2619E100AEF6CA /* HttpParser.swift */ = {isa = PBXFileReference; fileEncoding = 4; lastKnownFileType = sourcecode.swift; path = HttpParser.swift; sourceTree = "<group>"; };
		7C73C6971C2619E100AEF6CA /* HttpRequest.swift */ = {isa = PBXFileReference; fileEncoding = 4; lastKnownFileType = sourcecode.swift; path = HttpRequest.swift; sourceTree = "<group>"; };
		7C73C6981C2619E100AEF6CA /* HttpResponse.swift */ = {isa = PBXFileReference; fileEncoding = 4; lastKnownFileType = sourcecode.swift; path = HttpResponse.swift; sourceTree = "<group>"; };
		7C73C6991C2619E100AEF6CA /* HttpRouter.swift */ = {isa = PBXFileReference; fileEncoding = 4; lastKnownFileType = sourcecode.swift; path = HttpRouter.swift; sourceTree = "<group>"; };
		7C73C69A1C2619E100AEF6CA /* HttpServer.swift */ = {isa = PBXFileReference; fileEncoding = 4; lastKnownFileType = sourcecode.swift; path = HttpServer.swift; sourceTree = "<group>"; };
		7C73C69B1C2619E100AEF6CA /* HttpServerIO.swift */ = {isa = PBXFileReference; fileEncoding = 4; lastKnownFileType = sourcecode.swift; path = HttpServerIO.swift; sourceTree = "<group>"; };
		7C73C69C1C2619E100AEF6CA /* Socket.swift */ = {isa = PBXFileReference; fileEncoding = 4; lastKnownFileType = sourcecode.swift; path = Socket.swift; sourceTree = "<group>"; };
		7C73C69D1C2619E100AEF6CA /* String+Misc.swift */ = {isa = PBXFileReference; fileEncoding = 4; lastKnownFileType = sourcecode.swift; path = "String+Misc.swift"; sourceTree = "<group>"; };
		7C7488771C1DA07300CBCD77 /* file.html */ = {isa = PBXFileReference; fileEncoding = 4; lastKnownFileType = text.html; path = file.html; sourceTree = "<group>"; };
		7C839B6E19422CFF003A6950 /* SwifterSampleiOS.app */ = {isa = PBXFileReference; explicitFileType = wrapper.application; includeInIndex = 0; path = SwifterSampleiOS.app; sourceTree = BUILT_PRODUCTS_DIR; };
		7CA4813B19A2EA8D0030B30D /* SwifterSampleOSX */ = {isa = PBXFileReference; explicitFileType = "compiled.mach-o.executable"; includeInIndex = 0; path = SwifterSampleOSX; sourceTree = BUILT_PRODUCTS_DIR; };
		7CA4813D19A2EA8D0030B30D /* main.swift */ = {isa = PBXFileReference; lastKnownFileType = sourcecode.swift; path = main.swift; sourceTree = "<group>"; };
		7CA4815719A2EF2B0030B30D /* test.json */ = {isa = PBXFileReference; fileEncoding = 4; lastKnownFileType = text.json; path = test.json; sourceTree = "<group>"; };
		7CB102DF1A17381D00CBA3B4 /* logo.png */ = {isa = PBXFileReference; lastKnownFileType = image.png; path = logo.png; sourceTree = "<group>"; };
		7CC0F8C81C50136B00B65A94 /* HttpHandlers+Files.swift */ = {isa = PBXFileReference; fileEncoding = 4; lastKnownFileType = sourcecode.swift; path = "HttpHandlers+Files.swift"; sourceTree = "<group>"; };
		7CC0F8CB1C5014A200B65A94 /* HttpHandlers+WebSockets.swift */ = {isa = PBXFileReference; fileEncoding = 4; lastKnownFileType = sourcecode.swift; path = "HttpHandlers+WebSockets.swift"; sourceTree = "<group>"; };
		7CCD875C1C66099B0068099B /* SwifteriOSTests.xctest */ = {isa = PBXFileReference; explicitFileType = wrapper.cfbundle; includeInIndex = 0; path = SwifteriOSTests.xctest; sourceTree = BUILT_PRODUCTS_DIR; };
		7CCD87601C66099B0068099B /* Info.plist */ = {isa = PBXFileReference; lastKnownFileType = text.plist.xml; path = Info.plist; sourceTree = "<group>"; };
		7CCD876D1C660B250068099B /* SwifterTestsHttpParser.swift */ = {isa = PBXFileReference; fileEncoding = 4; lastKnownFileType = sourcecode.swift; path = SwifterTestsHttpParser.swift; sourceTree = "<group>"; };
		7CCD876E1C660B250068099B /* SwifterTestsStringExtensions.swift */ = {isa = PBXFileReference; fileEncoding = 4; lastKnownFileType = sourcecode.swift; path = SwifterTestsStringExtensions.swift; sourceTree = "<group>"; };
		7CCD87791C660EA30068099B /* SwifterOSXTests.xctest */ = {isa = PBXFileReference; explicitFileType = wrapper.cfbundle; includeInIndex = 0; path = SwifterOSXTests.xctest; sourceTree = BUILT_PRODUCTS_DIR; };
		7CCD877D1C660EA30068099B /* Info.plist */ = {isa = PBXFileReference; lastKnownFileType = text.plist.xml; path = Info.plist; sourceTree = "<group>"; };
		7CDAB80C1BE2A1D400C8A977 /* AppDelegate.swift */ = {isa = PBXFileReference; fileEncoding = 4; lastKnownFileType = sourcecode.swift; path = AppDelegate.swift; sourceTree = "<group>"; };
		7CDAB80E1BE2A1D400C8A977 /* Base */ = {isa = PBXFileReference; lastKnownFileType = file.storyboard; name = Base; path = Base.lproj/Main.storyboard; sourceTree = "<group>"; };
		7CDAB80F1BE2A1D400C8A977 /* Images.xcassets */ = {isa = PBXFileReference; lastKnownFileType = folder.assetcatalog; path = Images.xcassets; sourceTree = "<group>"; };
		7CDAB8101BE2A1D400C8A977 /* Info.plist */ = {isa = PBXFileReference; fileEncoding = 4; lastKnownFileType = text.plist.xml; path = Info.plist; sourceTree = "<group>"; };
		7CDAB8111BE2A1D400C8A977 /* ViewController.swift */ = {isa = PBXFileReference; fileEncoding = 4; lastKnownFileType = sourcecode.swift; path = ViewController.swift; sourceTree = "<group>"; };
		7CEAF86F1C14B2B5003252DE /* Package.swift */ = {isa = PBXFileReference; fileEncoding = 4; lastKnownFileType = sourcecode.swift; path = Package.swift; sourceTree = "<group>"; };
		98630C061A1C9A9D00478D08 /* login.html */ = {isa = PBXFileReference; fileEncoding = 4; lastKnownFileType = text.html; path = login.html; sourceTree = "<group>"; };
/* End PBXFileReference section */

/* Begin PBXFrameworksBuildPhase section */
		7AE893E31C05127900A29F63 /* Frameworks */ = {
			isa = PBXFrameworksBuildPhase;
			buildActionMask = 2147483647;
			files = (
			);
			runOnlyForDeploymentPostprocessing = 0;
		};
		7AE893F71C0512C400A29F63 /* Frameworks */ = {
			isa = PBXFrameworksBuildPhase;
			buildActionMask = 2147483647;
			files = (
			);
			runOnlyForDeploymentPostprocessing = 0;
		};
		7C839B6B19422CFF003A6950 /* Frameworks */ = {
			isa = PBXFrameworksBuildPhase;
			buildActionMask = 2147483647;
			files = (
			);
			runOnlyForDeploymentPostprocessing = 0;
		};
		7CA4813819A2EA8D0030B30D /* Frameworks */ = {
			isa = PBXFrameworksBuildPhase;
			buildActionMask = 2147483647;
			files = (
			);
			runOnlyForDeploymentPostprocessing = 0;
		};
		7CCD87591C66099B0068099B /* Frameworks */ = {
			isa = PBXFrameworksBuildPhase;
			buildActionMask = 2147483647;
			files = (
				7CCD87611C66099B0068099B /* Swifter.framework in Frameworks */,
			);
			runOnlyForDeploymentPostprocessing = 0;
		};
		7CCD87761C660EA30068099B /* Frameworks */ = {
			isa = PBXFrameworksBuildPhase;
			buildActionMask = 2147483647;
			files = (
				7CCD877E1C660EA30068099B /* Swifter.framework in Frameworks */,
			);
			runOnlyForDeploymentPostprocessing = 0;
		};
/* End PBXFrameworksBuildPhase section */

/* Begin PBXGroup section */
		7AE893E81C05127900A29F63 /* SwifteriOS */ = {
			isa = PBXGroup;
			children = (
				7AE893EB1C05127900A29F63 /* Info.plist */,
				7AE893E91C05127900A29F63 /* SwifteriOS.h */,
			);
			path = SwifteriOS;
			sourceTree = "<group>";
		};
		7AE893FC1C0512C400A29F63 /* SwifterMac */ = {
			isa = PBXGroup;
			children = (
				7AE893FF1C0512C400A29F63 /* Info.plist */,
				7AE893FD1C0512C400A29F63 /* SwifterMac.h */,
			);
			path = SwifterMac;
			sourceTree = "<group>";
		};
		7C839B6519422CFF003A6950 = {
			isa = PBXGroup;
			children = (
				7CEAF86F1C14B2B5003252DE /* Package.swift */,
				7CA4815619A2EF2B0030B30D /* Resources */,
				7CEAF84A1C14B29B003252DE /* Sources */,
				7CCD876C1C660B250068099B /* SwifterTestsCommon */,
				7CCD875D1C66099B0068099B /* SwifteriOSTests */,
				7CCD877A1C660EA30068099B /* SwifterOSXTests */,
				7C839B6F19422CFF003A6950 /* Products */,
				7AE893FC1C0512C400A29F63 /* SwifterMac */,
				7AE893E81C05127900A29F63 /* SwifteriOS */,
				7CA4813C19A2EA8D0030B30D /* SwifterSampleOSX */,
				7CDAB80B1BE2A1D400C8A977 /* SwifterSampleiOS */,
			);
			sourceTree = "<group>";
		};
		7C839B6F19422CFF003A6950 /* Products */ = {
			isa = PBXGroup;
			children = (
				7C839B6E19422CFF003A6950 /* SwifterSampleiOS.app */,
				7CA4813B19A2EA8D0030B30D /* SwifterSampleOSX */,
				7AE893E71C05127900A29F63 /* Swifter.framework */,
				7AE893FB1C0512C400A29F63 /* Swifter.framework */,
				7CCD875C1C66099B0068099B /* SwifteriOSTests.xctest */,
				7CCD87791C660EA30068099B /* SwifterOSXTests.xctest */,
			);
			name = Products;
			sourceTree = "<group>";
		};
		7CA4813C19A2EA8D0030B30D /* SwifterSampleOSX */ = {
			isa = PBXGroup;
			children = (
				18E610A51BD6397D00B7D17A /* SwiftyJSON.swift */,
				7CA4813D19A2EA8D0030B30D /* main.swift */,
			);
			path = SwifterSampleOSX;
			sourceTree = "<group>";
		};
		7CA4815619A2EF2B0030B30D /* Resources */ = {
			isa = PBXGroup;
			children = (
				7C7488771C1DA07300CBCD77 /* file.html */,
				98630C061A1C9A9D00478D08 /* login.html */,
				7CB102DF1A17381D00CBA3B4 /* logo.png */,
				7CA4815719A2EF2B0030B30D /* test.json */,
			);
			path = Resources;
			sourceTree = "<group>";
		};
		7CCD875D1C66099B0068099B /* SwifteriOSTests */ = {
			isa = PBXGroup;
			children = (
				7CCD87601C66099B0068099B /* Info.plist */,
			);
			path = SwifteriOSTests;
			sourceTree = "<group>";
		};
		7CCD876C1C660B250068099B /* SwifterTestsCommon */ = {
			isa = PBXGroup;
			children = (
				7CCD876D1C660B250068099B /* SwifterTestsHttpParser.swift */,
				7CCD876E1C660B250068099B /* SwifterTestsStringExtensions.swift */,
			);
			path = SwifterTestsCommon;
			sourceTree = "<group>";
		};
		7CCD877A1C660EA30068099B /* SwifterOSXTests */ = {
			isa = PBXGroup;
			children = (
				7CCD877D1C660EA30068099B /* Info.plist */,
			);
			path = SwifterOSXTests;
			sourceTree = "<group>";
		};
		7CDAB80B1BE2A1D400C8A977 /* SwifterSampleiOS */ = {
			isa = PBXGroup;
			children = (
				7CDAB80C1BE2A1D400C8A977 /* AppDelegate.swift */,
				7CDAB80F1BE2A1D400C8A977 /* Images.xcassets */,
				7CDAB8101BE2A1D400C8A977 /* Info.plist */,
				7AE8940C1C05151100A29F63 /* Launch Screen.storyboard */,
				7CDAB80D1BE2A1D400C8A977 /* Main.storyboard */,
				7CDAB8111BE2A1D400C8A977 /* ViewController.swift */,
			);
			path = SwifterSampleiOS;
			sourceTree = "<group>";
		};
		7CEAF84A1C14B29B003252DE /* Sources */ = {
			isa = PBXGroup;
			children = (
				7C73C6941C2619E100AEF6CA /* DemoServer.swift */,
				7CC0F8C81C50136B00B65A94 /* HttpHandlers+Files.swift */,
				7CC0F8CB1C5014A200B65A94 /* HttpHandlers+WebSockets.swift */,
				7C73C6951C2619E100AEF6CA /* HttpHandlers.swift */,
				7C73C6961C2619E100AEF6CA /* HttpParser.swift */,
				7C73C6971C2619E100AEF6CA /* HttpRequest.swift */,
				7C73C6981C2619E100AEF6CA /* HttpResponse.swift */,
				7C73C6991C2619E100AEF6CA /* HttpRouter.swift */,
				7C73C69A1C2619E100AEF6CA /* HttpServer.swift */,
				7C73C69B1C2619E100AEF6CA /* HttpServerIO.swift */,
				7C73C69C1C2619E100AEF6CA /* Socket.swift */,
				7C73C69D1C2619E100AEF6CA /* String+Misc.swift */,
				7C2BEC771C518B7C00B8EE90 /* String+SHA1.swift */,
				7C1A2BFA1C5605F50026D3BF /* String+BASE64.swift */,
			);
			path = Sources;
			sourceTree = "<group>";
		};
/* End PBXGroup section */

/* Begin PBXHeadersBuildPhase section */
		7AE893E41C05127900A29F63 /* Headers */ = {
			isa = PBXHeadersBuildPhase;
			buildActionMask = 2147483647;
			files = (
				7AE893EA1C05127900A29F63 /* SwifteriOS.h in Headers */,
			);
			runOnlyForDeploymentPostprocessing = 0;
		};
		7AE893F81C0512C400A29F63 /* Headers */ = {
			isa = PBXHeadersBuildPhase;
			buildActionMask = 2147483647;
			files = (
				7AE893FE1C0512C400A29F63 /* SwifterMac.h in Headers */,
			);
			runOnlyForDeploymentPostprocessing = 0;
		};
/* End PBXHeadersBuildPhase section */

/* Begin PBXNativeTarget section */
		7AE893E61C05127900A29F63 /* SwifteriOS */ = {
			isa = PBXNativeTarget;
			buildConfigurationList = 7AE893EC1C05127900A29F63 /* Build configuration list for PBXNativeTarget "SwifteriOS" */;
			buildPhases = (
				7AE893E21C05127900A29F63 /* Sources */,
				7AE893E31C05127900A29F63 /* Frameworks */,
				7AE893E41C05127900A29F63 /* Headers */,
				7AE893E51C05127900A29F63 /* Resources */,
			);
			buildRules = (
			);
			dependencies = (
			);
			name = SwifteriOS;
			productName = SwifteriOS;
			productReference = 7AE893E71C05127900A29F63 /* Swifter.framework */;
			productType = "com.apple.product-type.framework";
		};
		7AE893FA1C0512C400A29F63 /* SwifterMac */ = {
			isa = PBXNativeTarget;
			buildConfigurationList = 7AE894001C0512C400A29F63 /* Build configuration list for PBXNativeTarget "SwifterMac" */;
			buildPhases = (
				7AE893F61C0512C400A29F63 /* Sources */,
				7AE893F71C0512C400A29F63 /* Frameworks */,
				7AE893F81C0512C400A29F63 /* Headers */,
				7AE893F91C0512C400A29F63 /* Resources */,
			);
			buildRules = (
			);
			dependencies = (
			);
			name = SwifterMac;
			productName = SwifterMac;
			productReference = 7AE893FB1C0512C400A29F63 /* Swifter.framework */;
			productType = "com.apple.product-type.framework";
		};
		7C839B6D19422CFF003A6950 /* SwifterSampleiOS */ = {
			isa = PBXNativeTarget;
			buildConfigurationList = 7C839B8A19422D00003A6950 /* Build configuration list for PBXNativeTarget "SwifterSampleiOS" */;
			buildPhases = (
				7C839B6A19422CFF003A6950 /* Sources */,
				7C839B6B19422CFF003A6950 /* Frameworks */,
				7C839B6C19422CFF003A6950 /* Resources */,
			);
			buildRules = (
			);
			dependencies = (
				7C73C6C01C261AA700AEF6CA /* PBXTargetDependency */,
			);
			name = SwifterSampleiOS;
			productName = Swifter;
			productReference = 7C839B6E19422CFF003A6950 /* SwifterSampleiOS.app */;
			productType = "com.apple.product-type.application";
		};
		7CA4813A19A2EA8D0030B30D /* SwifterSampleOSX */ = {
			isa = PBXNativeTarget;
			buildConfigurationList = 7CA4814119A2EA8D0030B30D /* Build configuration list for PBXNativeTarget "SwifterSampleOSX" */;
			buildPhases = (
				7CA4813719A2EA8D0030B30D /* Sources */,
				7CA4813819A2EA8D0030B30D /* Frameworks */,
				7CA4813919A2EA8D0030B30D /* CopyFiles */,
			);
			buildRules = (
			);
			dependencies = (
				7AE8940F1C0515A200A29F63 /* PBXTargetDependency */,
			);
			name = SwifterSampleOSX;
			productName = SwifterOSX;
			productReference = 7CA4813B19A2EA8D0030B30D /* SwifterSampleOSX */;
			productType = "com.apple.product-type.tool";
		};
		7CCD875B1C66099B0068099B /* SwifteriOSTests */ = {
			isa = PBXNativeTarget;
			buildConfigurationList = 7CCD87641C66099B0068099B /* Build configuration list for PBXNativeTarget "SwifteriOSTests" */;
			buildPhases = (
				7CCD87581C66099B0068099B /* Sources */,
				7CCD87591C66099B0068099B /* Frameworks */,
				7CCD875A1C66099B0068099B /* Resources */,
			);
			buildRules = (
			);
			dependencies = (
				7CCD87631C66099B0068099B /* PBXTargetDependency */,
			);
			name = SwifteriOSTests;
			productName = SwifteriOSTests;
			productReference = 7CCD875C1C66099B0068099B /* SwifteriOSTests.xctest */;
			productType = "com.apple.product-type.bundle.unit-test";
		};
		7CCD87781C660EA30068099B /* SwifterOSXTests */ = {
			isa = PBXNativeTarget;
			buildConfigurationList = 7CCD87811C660EA30068099B /* Build configuration list for PBXNativeTarget "SwifterOSXTests" */;
			buildPhases = (
				7CCD87751C660EA30068099B /* Sources */,
				7CCD87761C660EA30068099B /* Frameworks */,
				7CCD87771C660EA30068099B /* Resources */,
			);
			buildRules = (
			);
			dependencies = (
				7CCD87801C660EA30068099B /* PBXTargetDependency */,
			);
			name = SwifterOSXTests;
			productName = SwifterOSXTests;
			productReference = 7CCD87791C660EA30068099B /* SwifterOSXTests.xctest */;
			productType = "com.apple.product-type.bundle.unit-test";
		};
/* End PBXNativeTarget section */

/* Begin PBXProject section */
		7C839B6619422CFF003A6950 /* Project object */ = {
			isa = PBXProject;
			attributes = {
				LastSwiftUpdateCheck = 0720;
				LastUpgradeCheck = 0700;
				ORGANIZATIONNAME = "Damian Kołakowski";
				TargetAttributes = {
					7AE893E61C05127900A29F63 = {
						CreatedOnToolsVersion = 7.1;
					};
					7AE893FA1C0512C400A29F63 = {
						CreatedOnToolsVersion = 7.1;
					};
					7C839B6D19422CFF003A6950 = {
						CreatedOnToolsVersion = 6.0;
					};
					7CA4813A19A2EA8D0030B30D = {
						CreatedOnToolsVersion = 6.0;
					};
					7CCD875B1C66099B0068099B = {
						CreatedOnToolsVersion = 7.2;
					};
					7CCD87781C660EA30068099B = {
						CreatedOnToolsVersion = 7.2;
					};
				};
			};
			buildConfigurationList = 7C839B6919422CFF003A6950 /* Build configuration list for PBXProject "Swifter" */;
			compatibilityVersion = "Xcode 3.2";
			developmentRegion = English;
			hasScannedForEncodings = 0;
			knownRegions = (
				en,
				Base,
			);
			mainGroup = 7C839B6519422CFF003A6950;
			productRefGroup = 7C839B6F19422CFF003A6950 /* Products */;
			projectDirPath = "";
			projectRoot = "";
			targets = (
				7C839B6D19422CFF003A6950 /* SwifterSampleiOS */,
				7CA4813A19A2EA8D0030B30D /* SwifterSampleOSX */,
				7AE893E61C05127900A29F63 /* SwifteriOS */,
				7AE893FA1C0512C400A29F63 /* SwifterMac */,
				7CCD875B1C66099B0068099B /* SwifteriOSTests */,
				7CCD87781C660EA30068099B /* SwifterOSXTests */,
			);
		};
/* End PBXProject section */

/* Begin PBXResourcesBuildPhase section */
		7AE893E51C05127900A29F63 /* Resources */ = {
			isa = PBXResourcesBuildPhase;
			buildActionMask = 2147483647;
			files = (
			);
			runOnlyForDeploymentPostprocessing = 0;
		};
		7AE893F91C0512C400A29F63 /* Resources */ = {
			isa = PBXResourcesBuildPhase;
			buildActionMask = 2147483647;
			files = (
			);
			runOnlyForDeploymentPostprocessing = 0;
		};
		7C839B6C19422CFF003A6950 /* Resources */ = {
			isa = PBXResourcesBuildPhase;
			buildActionMask = 2147483647;
			files = (
				7C7488781C1DA07300CBCD77 /* file.html in Resources */,
				7AE8940D1C05151100A29F63 /* Launch Screen.storyboard in Resources */,
				7CB102E01A17381D00CBA3B4 /* logo.png in Resources */,
				7CDAB8141BE2A1D400C8A977 /* Images.xcassets in Resources */,
				98630C071A1C9A9D00478D08 /* login.html in Resources */,
				7CA4815819A2EF2B0030B30D /* test.json in Resources */,
				7CDAB8131BE2A1D400C8A977 /* Main.storyboard in Resources */,
			);
			runOnlyForDeploymentPostprocessing = 0;
		};
		7CCD875A1C66099B0068099B /* Resources */ = {
			isa = PBXResourcesBuildPhase;
			buildActionMask = 2147483647;
			files = (
			);
			runOnlyForDeploymentPostprocessing = 0;
		};
		7CCD87771C660EA30068099B /* Resources */ = {
			isa = PBXResourcesBuildPhase;
			buildActionMask = 2147483647;
			files = (
			);
			runOnlyForDeploymentPostprocessing = 0;
		};
/* End PBXResourcesBuildPhase section */

/* Begin PBXSourcesBuildPhase section */
		7AE893E21C05127900A29F63 /* Sources */ = {
			isa = PBXSourcesBuildPhase;
			buildActionMask = 2147483647;
			files = (
				7C2BEC791C5195EE00B8EE90 /* String+SHA1.swift in Sources */,
				7C73C6AA1C261A2100AEF6CA /* DemoServer.swift in Sources */,
				7C73C6AB1C261A2100AEF6CA /* HttpHandlers.swift in Sources */,
				7C1A2BFB1C5605F50026D3BF /* String+BASE64.swift in Sources */,
				7C73C6AC1C261A2100AEF6CA /* HttpParser.swift in Sources */,
				7C73C6AD1C261A2100AEF6CA /* HttpRequest.swift in Sources */,
				7C73C6AE1C261A2100AEF6CA /* HttpResponse.swift in Sources */,
				7C73C6AF1C261A2100AEF6CA /* HttpRouter.swift in Sources */,
				7CC0F8CC1C5014A200B65A94 /* HttpHandlers+WebSockets.swift in Sources */,
				7C73C6B01C261A2100AEF6CA /* HttpServer.swift in Sources */,
				7C73C6B11C261A2100AEF6CA /* HttpServerIO.swift in Sources */,
				7C73C6B21C261A2100AEF6CA /* Socket.swift in Sources */,
				7CC0F8C91C50136B00B65A94 /* HttpHandlers+Files.swift in Sources */,
				7C73C6B31C261A2100AEF6CA /* String+Misc.swift in Sources */,
			);
			runOnlyForDeploymentPostprocessing = 0;
		};
		7AE893F61C0512C400A29F63 /* Sources */ = {
			isa = PBXSourcesBuildPhase;
			buildActionMask = 2147483647;
			files = (
				7C2BEC7A1C5195F200B8EE90 /* String+SHA1.swift in Sources */,
				7C73C6B51C261A2600AEF6CA /* DemoServer.swift in Sources */,
				7C73C6B61C261A2600AEF6CA /* HttpHandlers.swift in Sources */,
				7C1A2BFC1C5605F50026D3BF /* String+BASE64.swift in Sources */,
				7C73C6B71C261A2600AEF6CA /* HttpParser.swift in Sources */,
				7C73C6B81C261A2600AEF6CA /* HttpRequest.swift in Sources */,
				7C73C6B91C261A2600AEF6CA /* HttpResponse.swift in Sources */,
				7C73C6BA1C261A2600AEF6CA /* HttpRouter.swift in Sources */,
				7CC0F8CD1C5014A200B65A94 /* HttpHandlers+WebSockets.swift in Sources */,
				7C73C6BB1C261A2600AEF6CA /* HttpServer.swift in Sources */,
				7C73C6BC1C261A2600AEF6CA /* HttpServerIO.swift in Sources */,
				7C73C6BD1C261A2600AEF6CA /* Socket.swift in Sources */,
				7CC0F8CA1C50136B00B65A94 /* HttpHandlers+Files.swift in Sources */,
				7C73C6BE1C261A2600AEF6CA /* String+Misc.swift in Sources */,
			);
			runOnlyForDeploymentPostprocessing = 0;
		};
		7C839B6A19422CFF003A6950 /* Sources */ = {
			isa = PBXSourcesBuildPhase;
			buildActionMask = 2147483647;
			files = (
				7C73C6921C26179C00AEF6CA /* AppDelegate.swift in Sources */,
				7CDAB8161BE2A1D400C8A977 /* ViewController.swift in Sources */,
				7C2BEC781C518B7C00B8EE90 /* String+SHA1.swift in Sources */,
			);
			runOnlyForDeploymentPostprocessing = 0;
		};
		7CA4813719A2EA8D0030B30D /* Sources */ = {
			isa = PBXSourcesBuildPhase;
			buildActionMask = 2147483647;
			files = (
				7C73C6911C2615FE00AEF6CA /* SwiftyJSON.swift in Sources */,
				7CA4813E19A2EA8D0030B30D /* main.swift in Sources */,
			);
			runOnlyForDeploymentPostprocessing = 0;
		};
		7CCD87581C66099B0068099B /* Sources */ = {
			isa = PBXSourcesBuildPhase;
			buildActionMask = 2147483647;
			files = (
				7CCD87701C660B250068099B /* SwifterTestsHttpParser.swift in Sources */,
				7CCD87721C660B250068099B /* SwifterTestsStringExtensions.swift in Sources */,
			);
			runOnlyForDeploymentPostprocessing = 0;
		};
		7CCD87751C660EA30068099B /* Sources */ = {
			isa = PBXSourcesBuildPhase;
			buildActionMask = 2147483647;
			files = (
				7CCD87841C660ED60068099B /* SwifterTestsHttpParser.swift in Sources */,
				7CCD87851C660ED60068099B /* SwifterTestsStringExtensions.swift in Sources */,
			);
			runOnlyForDeploymentPostprocessing = 0;
		};
/* End PBXSourcesBuildPhase section */

/* Begin PBXTargetDependency section */
		7AE8940F1C0515A200A29F63 /* PBXTargetDependency */ = {
			isa = PBXTargetDependency;
			target = 7AE893FA1C0512C400A29F63 /* SwifterMac */;
			targetProxy = 7AE8940E1C0515A200A29F63 /* PBXContainerItemProxy */;
		};
		7C73C6C01C261AA700AEF6CA /* PBXTargetDependency */ = {
			isa = PBXTargetDependency;
			target = 7AE893E61C05127900A29F63 /* SwifteriOS */;
			targetProxy = 7C73C6BF1C261AA700AEF6CA /* PBXContainerItemProxy */;
		};
		7CCD87631C66099B0068099B /* PBXTargetDependency */ = {
			isa = PBXTargetDependency;
			target = 7AE893E61C05127900A29F63 /* SwifteriOS */;
			targetProxy = 7CCD87621C66099B0068099B /* PBXContainerItemProxy */;
		};
		7CCD87801C660EA30068099B /* PBXTargetDependency */ = {
			isa = PBXTargetDependency;
			target = 7AE893FA1C0512C400A29F63 /* SwifterMac */;
			targetProxy = 7CCD877F1C660EA30068099B /* PBXContainerItemProxy */;
		};
/* End PBXTargetDependency section */

/* Begin PBXVariantGroup section */
		7CDAB80D1BE2A1D400C8A977 /* Main.storyboard */ = {
			isa = PBXVariantGroup;
			children = (
				7CDAB80E1BE2A1D400C8A977 /* Base */,
			);
			name = Main.storyboard;
			path = .;
			sourceTree = "<group>";
		};
/* End PBXVariantGroup section */

/* Begin XCBuildConfiguration section */
		7AE893ED1C05127900A29F63 /* Debug */ = {
			isa = XCBuildConfiguration;
			buildSettings = {
				CURRENT_PROJECT_VERSION = 1.1.2;
				DEBUG_INFORMATION_FORMAT = dwarf;
				DEFINES_MODULE = YES;
				DYLIB_COMPATIBILITY_VERSION = 1;
				DYLIB_CURRENT_VERSION = 1;
				DYLIB_INSTALL_NAME_BASE = "@rpath";
				GCC_NO_COMMON_BLOCKS = YES;
				INFOPLIST_FILE = SwifterSampleiOS/Info.plist;
				INSTALL_PATH = "$(LOCAL_LIBRARY_DIR)/Frameworks";
				IPHONEOS_DEPLOYMENT_TARGET = 8.0;
				LD_RUNPATH_SEARCH_PATHS = "$(inherited) @executable_path/Frameworks @loader_path/Frameworks";
				MTL_ENABLE_DEBUG_INFO = YES;
				PRODUCT_BUNDLE_IDENTIFIER = pl.kolakowski.SwifteriOS;
				PRODUCT_NAME = Swifter;
				SKIP_INSTALL = YES;
				VERSIONING_SYSTEM = "apple-generic";
				VERSION_INFO_PREFIX = "";
			};
			name = Debug;
		};
		7AE893EE1C05127900A29F63 /* Release */ = {
			isa = XCBuildConfiguration;
			buildSettings = {
				COPY_PHASE_STRIP = NO;
				CURRENT_PROJECT_VERSION = 1.1.2;
				DEBUG_INFORMATION_FORMAT = "dwarf-with-dsym";
				DEFINES_MODULE = YES;
				DYLIB_COMPATIBILITY_VERSION = 1;
				DYLIB_CURRENT_VERSION = 1;
				DYLIB_INSTALL_NAME_BASE = "@rpath";
				GCC_NO_COMMON_BLOCKS = YES;
				INFOPLIST_FILE = SwifterSampleiOS/Info.plist;
				INSTALL_PATH = "$(LOCAL_LIBRARY_DIR)/Frameworks";
				IPHONEOS_DEPLOYMENT_TARGET = 8.0;
				LD_RUNPATH_SEARCH_PATHS = "$(inherited) @executable_path/Frameworks @loader_path/Frameworks";
				MTL_ENABLE_DEBUG_INFO = NO;
				PRODUCT_BUNDLE_IDENTIFIER = pl.kolakowski.SwifteriOS;
				PRODUCT_NAME = Swifter;
				SKIP_INSTALL = YES;
				VERSIONING_SYSTEM = "apple-generic";
				VERSION_INFO_PREFIX = "";
			};
			name = Release;
		};
		7AE894011C0512C400A29F63 /* Debug */ = {
			isa = XCBuildConfiguration;
			buildSettings = {
				CODE_SIGN_IDENTITY = "Mac Developer";
				COMBINE_HIDPI_IMAGES = YES;
				CURRENT_PROJECT_VERSION = 1.1.2;
				DEBUG_INFORMATION_FORMAT = dwarf;
				DEFINES_MODULE = YES;
				DYLIB_COMPATIBILITY_VERSION = 1;
				DYLIB_CURRENT_VERSION = 1;
				DYLIB_INSTALL_NAME_BASE = "@rpath";
				FRAMEWORK_VERSION = A;
				GCC_NO_COMMON_BLOCKS = YES;
				INFOPLIST_FILE = SwifterMac/Info.plist;
				INSTALL_PATH = "$(LOCAL_LIBRARY_DIR)/Frameworks";
				LD_RUNPATH_SEARCH_PATHS = "$(inherited) @executable_path/../Frameworks @loader_path/Frameworks";
				MACOSX_DEPLOYMENT_TARGET = 10.9;
				MTL_ENABLE_DEBUG_INFO = YES;
				PRODUCT_BUNDLE_IDENTIFIER = pl.kolakowski.SwifterMac;
				PRODUCT_NAME = Swifter;
				SDKROOT = macosx;
				SKIP_INSTALL = YES;
				VERSIONING_SYSTEM = "apple-generic";
				VERSION_INFO_PREFIX = "";
			};
			name = Debug;
		};
		7AE894021C0512C400A29F63 /* Release */ = {
			isa = XCBuildConfiguration;
			buildSettings = {
				CODE_SIGN_IDENTITY = "Mac Developer";
				COMBINE_HIDPI_IMAGES = YES;
				COPY_PHASE_STRIP = NO;
				CURRENT_PROJECT_VERSION = 1.1.2;
				DEBUG_INFORMATION_FORMAT = "dwarf-with-dsym";
				DEFINES_MODULE = YES;
				DYLIB_COMPATIBILITY_VERSION = 1;
				DYLIB_CURRENT_VERSION = 1;
				DYLIB_INSTALL_NAME_BASE = "@rpath";
				FRAMEWORK_VERSION = A;
				GCC_NO_COMMON_BLOCKS = YES;
				INFOPLIST_FILE = SwifterMac/Info.plist;
				INSTALL_PATH = "$(LOCAL_LIBRARY_DIR)/Frameworks";
				LD_RUNPATH_SEARCH_PATHS = "$(inherited) @executable_path/../Frameworks @loader_path/Frameworks";
				MACOSX_DEPLOYMENT_TARGET = 10.9;
				MTL_ENABLE_DEBUG_INFO = NO;
				PRODUCT_BUNDLE_IDENTIFIER = pl.kolakowski.SwifterMac;
				PRODUCT_NAME = Swifter;
				SDKROOT = macosx;
				SKIP_INSTALL = YES;
				VERSIONING_SYSTEM = "apple-generic";
				VERSION_INFO_PREFIX = "";
			};
			name = Release;
		};
		7C839B8819422D00003A6950 /* Debug */ = {
			isa = XCBuildConfiguration;
			buildSettings = {
				ALWAYS_SEARCH_USER_PATHS = NO;
				CLANG_CXX_LANGUAGE_STANDARD = "gnu++0x";
				CLANG_CXX_LIBRARY = "libc++";
				CLANG_ENABLE_MODULES = YES;
				CLANG_ENABLE_OBJC_ARC = YES;
				CLANG_WARN_BOOL_CONVERSION = YES;
				CLANG_WARN_CONSTANT_CONVERSION = YES;
				CLANG_WARN_DIRECT_OBJC_ISA_USAGE = YES_ERROR;
				CLANG_WARN_EMPTY_BODY = YES;
				CLANG_WARN_ENUM_CONVERSION = YES;
				CLANG_WARN_INT_CONVERSION = YES;
				CLANG_WARN_OBJC_ROOT_CLASS = YES_ERROR;
				CLANG_WARN_UNREACHABLE_CODE = YES;
				CLANG_WARN__DUPLICATE_METHOD_MATCH = YES;
				"CODE_SIGN_IDENTITY[sdk=iphoneos*]" = "iPhone Developer";
				COPY_PHASE_STRIP = NO;
				CURRENT_PROJECT_VERSION = 1.1.2;
				EMBEDDED_CONTENT_CONTAINS_SWIFT = YES;
				ENABLE_STRICT_OBJC_MSGSEND = YES;
				ENABLE_TESTABILITY = YES;
				GCC_C_LANGUAGE_STANDARD = gnu99;
				GCC_DYNAMIC_NO_PIC = NO;
				GCC_OPTIMIZATION_LEVEL = 0;
				GCC_PREPROCESSOR_DEFINITIONS = (
					"DEBUG=1",
					"$(inherited)",
				);
				GCC_SYMBOLS_PRIVATE_EXTERN = NO;
				GCC_WARN_64_TO_32_BIT_CONVERSION = YES;
				GCC_WARN_ABOUT_RETURN_TYPE = YES_ERROR;
				GCC_WARN_UNDECLARED_SELECTOR = YES;
				GCC_WARN_UNINITIALIZED_AUTOS = YES_AGGRESSIVE;
				GCC_WARN_UNUSED_FUNCTION = YES;
				GCC_WARN_UNUSED_VARIABLE = YES;
				IPHONEOS_DEPLOYMENT_TARGET = 8.0;
				MACOSX_DEPLOYMENT_TARGET = 10.9;
				METAL_ENABLE_DEBUG_INFO = YES;
				ONLY_ACTIVE_ARCH = YES;
				SDKROOT = iphoneos;
				SWIFT_OPTIMIZATION_LEVEL = "-Onone";
				TARGETED_DEVICE_FAMILY = "1,2";
			};
			name = Debug;
		};
		7C839B8919422D00003A6950 /* Release */ = {
			isa = XCBuildConfiguration;
			buildSettings = {
				ALWAYS_SEARCH_USER_PATHS = NO;
				CLANG_CXX_LANGUAGE_STANDARD = "gnu++0x";
				CLANG_CXX_LIBRARY = "libc++";
				CLANG_ENABLE_MODULES = YES;
				CLANG_ENABLE_OBJC_ARC = YES;
				CLANG_WARN_BOOL_CONVERSION = YES;
				CLANG_WARN_CONSTANT_CONVERSION = YES;
				CLANG_WARN_DIRECT_OBJC_ISA_USAGE = YES_ERROR;
				CLANG_WARN_EMPTY_BODY = YES;
				CLANG_WARN_ENUM_CONVERSION = YES;
				CLANG_WARN_INT_CONVERSION = YES;
				CLANG_WARN_OBJC_ROOT_CLASS = YES_ERROR;
				CLANG_WARN_UNREACHABLE_CODE = YES;
				CLANG_WARN__DUPLICATE_METHOD_MATCH = YES;
				"CODE_SIGN_IDENTITY[sdk=iphoneos*]" = "iPhone Developer";
				COPY_PHASE_STRIP = YES;
				CURRENT_PROJECT_VERSION = 1.1.2;
				EMBEDDED_CONTENT_CONTAINS_SWIFT = YES;
				ENABLE_NS_ASSERTIONS = NO;
				ENABLE_STRICT_OBJC_MSGSEND = YES;
				GCC_C_LANGUAGE_STANDARD = gnu99;
				GCC_WARN_64_TO_32_BIT_CONVERSION = YES;
				GCC_WARN_ABOUT_RETURN_TYPE = YES_ERROR;
				GCC_WARN_UNDECLARED_SELECTOR = YES;
				GCC_WARN_UNINITIALIZED_AUTOS = YES_AGGRESSIVE;
				GCC_WARN_UNUSED_FUNCTION = YES;
				GCC_WARN_UNUSED_VARIABLE = YES;
				IPHONEOS_DEPLOYMENT_TARGET = 8.0;
				MACOSX_DEPLOYMENT_TARGET = 10.9;
				METAL_ENABLE_DEBUG_INFO = NO;
				ONLY_ACTIVE_ARCH = NO;
				SDKROOT = iphoneos;
				TARGETED_DEVICE_FAMILY = "1,2";
				VALIDATE_PRODUCT = YES;
			};
			name = Release;
		};
		7C839B8B19422D00003A6950 /* Debug */ = {
			isa = XCBuildConfiguration;
			buildSettings = {
				ASSETCATALOG_COMPILER_APPICON_NAME = AppIcon;
				CLANG_ENABLE_MODULES = YES;
				INFOPLIST_FILE = "$(SRCROOT)/SwifterSampleiOS/Info.plist";
				LD_RUNPATH_SEARCH_PATHS = "$(inherited) @executable_path/Frameworks";
				PRODUCT_BUNDLE_IDENTIFIER = "pl.kolakowski.${PRODUCT_NAME:rfc1034identifier}";
				PRODUCT_NAME = "$(TARGET_NAME)";
				SWIFT_OBJC_BRIDGING_HEADER = "";
				SWIFT_OPTIMIZATION_LEVEL = "-Onone";
			};
			name = Debug;
		};
		7C839B8C19422D00003A6950 /* Release */ = {
			isa = XCBuildConfiguration;
			buildSettings = {
				ASSETCATALOG_COMPILER_APPICON_NAME = AppIcon;
				CLANG_ENABLE_MODULES = YES;
				INFOPLIST_FILE = "$(SRCROOT)/SwifterSampleiOS/Info.plist";
				LD_RUNPATH_SEARCH_PATHS = "$(inherited) @executable_path/Frameworks";
				PRODUCT_BUNDLE_IDENTIFIER = "pl.kolakowski.${PRODUCT_NAME:rfc1034identifier}";
				PRODUCT_NAME = "$(TARGET_NAME)";
				SWIFT_OBJC_BRIDGING_HEADER = "";
			};
			name = Release;
		};
		7CA4813F19A2EA8D0030B30D /* Debug */ = {
			isa = XCBuildConfiguration;
			buildSettings = {
				CLANG_ENABLE_MODULES = YES;
				EMBEDDED_CONTENT_CONTAINS_SWIFT = YES;
				GCC_PREPROCESSOR_DEFINITIONS = (
					"DEBUG=1",
					"$(inherited)",
				);
				LD_RUNPATH_SEARCH_PATHS = "$(inherited) @executable_path/../Frameworks @loader_path/../Frameworks";
				MACOSX_DEPLOYMENT_TARGET = 10.9;
				MTL_ENABLE_DEBUG_INFO = YES;
				ONLY_ACTIVE_ARCH = YES;
				PRODUCT_NAME = "$(TARGET_NAME)";
				SDKROOT = macosx;
				SWIFT_OBJC_BRIDGING_HEADER = "";
				SWIFT_OPTIMIZATION_LEVEL = "-Onone";
			};
			name = Debug;
		};
		7CA4814019A2EA8D0030B30D /* Release */ = {
			isa = XCBuildConfiguration;
			buildSettings = {
				CLANG_ENABLE_MODULES = YES;
				DEBUG_INFORMATION_FORMAT = "dwarf-with-dsym";
				EMBEDDED_CONTENT_CONTAINS_SWIFT = YES;
				LD_RUNPATH_SEARCH_PATHS = "$(inherited) @executable_path/../Frameworks @loader_path/../Frameworks";
				MACOSX_DEPLOYMENT_TARGET = 10.9;
				MTL_ENABLE_DEBUG_INFO = NO;
				PRODUCT_NAME = "$(TARGET_NAME)";
				SDKROOT = macosx;
				SWIFT_OBJC_BRIDGING_HEADER = "";
			};
			name = Release;
		};
		7CCD87651C66099B0068099B /* Debug */ = {
			isa = XCBuildConfiguration;
			buildSettings = {
				DEBUG_INFORMATION_FORMAT = dwarf;
				GCC_NO_COMMON_BLOCKS = YES;
				INFOPLIST_FILE = SwifteriOSTests/Info.plist;
				IPHONEOS_DEPLOYMENT_TARGET = 9.2;
				LD_RUNPATH_SEARCH_PATHS = "$(inherited) @executable_path/Frameworks @loader_path/Frameworks";
				MTL_ENABLE_DEBUG_INFO = YES;
				PRODUCT_BUNDLE_IDENTIFIER = pl.kolakowski.SwifteriOSTests;
				PRODUCT_NAME = "$(TARGET_NAME)";
			};
			name = Debug;
		};
		7CCD87661C66099B0068099B /* Release */ = {
			isa = XCBuildConfiguration;
			buildSettings = {
				COPY_PHASE_STRIP = NO;
				DEBUG_INFORMATION_FORMAT = "dwarf-with-dsym";
				GCC_NO_COMMON_BLOCKS = YES;
				INFOPLIST_FILE = SwifteriOSTests/Info.plist;
				IPHONEOS_DEPLOYMENT_TARGET = 9.2;
				LD_RUNPATH_SEARCH_PATHS = "$(inherited) @executable_path/Frameworks @loader_path/Frameworks";
				MTL_ENABLE_DEBUG_INFO = NO;
				PRODUCT_BUNDLE_IDENTIFIER = pl.kolakowski.SwifteriOSTests;
				PRODUCT_NAME = "$(TARGET_NAME)";
			};
			name = Release;
		};
		7CCD87821C660EA30068099B /* Debug */ = {
			isa = XCBuildConfiguration;
			buildSettings = {
				CODE_SIGN_IDENTITY = "-";
				COMBINE_HIDPI_IMAGES = YES;
				DEBUG_INFORMATION_FORMAT = dwarf;
				GCC_NO_COMMON_BLOCKS = YES;
				INFOPLIST_FILE = SwifterOSXTests/Info.plist;
				LD_RUNPATH_SEARCH_PATHS = "$(inherited) @executable_path/../Frameworks @loader_path/../Frameworks";
				MACOSX_DEPLOYMENT_TARGET = 10.11;
				MTL_ENABLE_DEBUG_INFO = YES;
				PRODUCT_BUNDLE_IDENTIFIER = pl.kolakowski.SwifterOSXTests;
				PRODUCT_NAME = "$(TARGET_NAME)";
				SDKROOT = macosx;
			};
			name = Debug;
		};
		7CCD87831C660EA30068099B /* Release */ = {
			isa = XCBuildConfiguration;
			buildSettings = {
				CODE_SIGN_IDENTITY = "-";
				COMBINE_HIDPI_IMAGES = YES;
				COPY_PHASE_STRIP = NO;
				DEBUG_INFORMATION_FORMAT = "dwarf-with-dsym";
				GCC_NO_COMMON_BLOCKS = YES;
				INFOPLIST_FILE = SwifterOSXTests/Info.plist;
				LD_RUNPATH_SEARCH_PATHS = "$(inherited) @executable_path/../Frameworks @loader_path/../Frameworks";
				MACOSX_DEPLOYMENT_TARGET = 10.11;
				MTL_ENABLE_DEBUG_INFO = NO;
				PRODUCT_BUNDLE_IDENTIFIER = pl.kolakowski.SwifterOSXTests;
				PRODUCT_NAME = "$(TARGET_NAME)";
				SDKROOT = macosx;
			};
			name = Release;
		};
/* End XCBuildConfiguration section */

/* Begin XCConfigurationList section */
		7AE893EC1C05127900A29F63 /* Build configuration list for PBXNativeTarget "SwifteriOS" */ = {
			isa = XCConfigurationList;
			buildConfigurations = (
				7AE893ED1C05127900A29F63 /* Debug */,
				7AE893EE1C05127900A29F63 /* Release */,
			);
			defaultConfigurationIsVisible = 0;
			defaultConfigurationName = Release;
		};
		7AE894001C0512C400A29F63 /* Build configuration list for PBXNativeTarget "SwifterMac" */ = {
			isa = XCConfigurationList;
			buildConfigurations = (
				7AE894011C0512C400A29F63 /* Debug */,
				7AE894021C0512C400A29F63 /* Release */,
			);
			defaultConfigurationIsVisible = 0;
			defaultConfigurationName = Release;
		};
		7C839B6919422CFF003A6950 /* Build configuration list for PBXProject "Swifter" */ = {
			isa = XCConfigurationList;
			buildConfigurations = (
				7C839B8819422D00003A6950 /* Debug */,
				7C839B8919422D00003A6950 /* Release */,
			);
			defaultConfigurationIsVisible = 0;
			defaultConfigurationName = Release;
		};
		7C839B8A19422D00003A6950 /* Build configuration list for PBXNativeTarget "SwifterSampleiOS" */ = {
			isa = XCConfigurationList;
			buildConfigurations = (
				7C839B8B19422D00003A6950 /* Debug */,
				7C839B8C19422D00003A6950 /* Release */,
			);
			defaultConfigurationIsVisible = 0;
			defaultConfigurationName = Release;
		};
		7CA4814119A2EA8D0030B30D /* Build configuration list for PBXNativeTarget "SwifterSampleOSX" */ = {
			isa = XCConfigurationList;
			buildConfigurations = (
				7CA4813F19A2EA8D0030B30D /* Debug */,
				7CA4814019A2EA8D0030B30D /* Release */,
			);
			defaultConfigurationIsVisible = 0;
			defaultConfigurationName = Release;
		};
		7CCD87641C66099B0068099B /* Build configuration list for PBXNativeTarget "SwifteriOSTests" */ = {
			isa = XCConfigurationList;
			buildConfigurations = (
				7CCD87651C66099B0068099B /* Debug */,
				7CCD87661C66099B0068099B /* Release */,
			);
			defaultConfigurationIsVisible = 0;
			defaultConfigurationName = Release;
		};
		7CCD87811C660EA30068099B /* Build configuration list for PBXNativeTarget "SwifterOSXTests" */ = {
			isa = XCConfigurationList;
			buildConfigurations = (
				7CCD87821C660EA30068099B /* Debug */,
				7CCD87831C660EA30068099B /* Release */,
			);
			defaultConfigurationIsVisible = 0;
			defaultConfigurationName = Release;
		};
/* End XCConfigurationList section */
	};
	rootObject = 7C839B6619422CFF003A6950 /* Project object */;
}
